// !$*UTF8*$!
{
	archiveVersion = 1;
	classes = {
	};
	objectVersion = 46;
	objects = {

/* Begin PBXBuildFile section */
		8418FC4C19CFA9BA0010923E /* UniqueSpec.swift in Sources */ = {isa = PBXBuildFile; fileRef = 8418FC4B19CFA9BA0010923E /* UniqueSpec.swift */; };
		8418FC4F19CFAED80010923E /* MaybeSpec.swift in Sources */ = {isa = PBXBuildFile; fileRef = 8418FC4E19CFAED80010923E /* MaybeSpec.swift */; };
		8418FC5219CFB3480010923E /* EitherSpec.swift in Sources */ = {isa = PBXBuildFile; fileRef = 8418FC5119CFB3480010923E /* EitherSpec.swift */; };
		84922D4719D237E000AE9A7C /* Applicative.swift in Sources */ = {isa = PBXBuildFile; fileRef = 84922D1519D237E000AE9A7C /* Applicative.swift */; };
		84922D4819D237E000AE9A7C /* Arrow.swift in Sources */ = {isa = PBXBuildFile; fileRef = 84922D1619D237E000AE9A7C /* Arrow.swift */; };
		84922D4919D237E000AE9A7C /* BASERealWorld.h in Headers */ = {isa = PBXBuildFile; fileRef = 84922D1719D237E000AE9A7C /* BASERealWorld.h */; settings = {ATTRIBUTES = (Public, ); }; };
		84922D4A19D237E000AE9A7C /* BASERealWorld.m in Sources */ = {isa = PBXBuildFile; fileRef = 84922D1819D237E000AE9A7C /* BASERealWorld.m */; };
		84922D4B19D237E000AE9A7C /* Basis-ObjCBridge.h in Headers */ = {isa = PBXBuildFile; fileRef = 84922D1919D237E000AE9A7C /* Basis-ObjCBridge.h */; settings = {ATTRIBUTES = (Public, ); }; };
		84922D4C19D237E000AE9A7C /* Basis.h in Headers */ = {isa = PBXBuildFile; fileRef = 84922D1A19D237E000AE9A7C /* Basis.h */; settings = {ATTRIBUTES = (Public, ); }; };
		84922D4D19D237E000AE9A7C /* Bottom.swift in Sources */ = {isa = PBXBuildFile; fileRef = 84922D1B19D237E000AE9A7C /* Bottom.swift */; };
		84922D4E19D237E000AE9A7C /* Bounded.swift in Sources */ = {isa = PBXBuildFile; fileRef = 84922D1C19D237E000AE9A7C /* Bounded.swift */; };
		84922D4F19D237E000AE9A7C /* Box.swift in Sources */ = {isa = PBXBuildFile; fileRef = 84922D1D19D237E000AE9A7C /* Box.swift */; };
		84922D5019D237E000AE9A7C /* Category.swift in Sources */ = {isa = PBXBuildFile; fileRef = 84922D1E19D237E000AE9A7C /* Category.swift */; };
		84922D5119D237E000AE9A7C /* Coerce.swift in Sources */ = {isa = PBXBuildFile; fileRef = 84922D1F19D237E000AE9A7C /* Coerce.swift */; };
		84922D5219D237E000AE9A7C /* Combinator.swift in Sources */ = {isa = PBXBuildFile; fileRef = 84922D2019D237E000AE9A7C /* Combinator.swift */; };
		84922D5319D237E000AE9A7C /* Compare.swift in Sources */ = {isa = PBXBuildFile; fileRef = 84922D2119D237E000AE9A7C /* Compare.swift */; };
		84922D5419D237E000AE9A7C /* Either.swift in Sources */ = {isa = PBXBuildFile; fileRef = 84922D2219D237E000AE9A7C /* Either.swift */; };
		84922D5519D237E000AE9A7C /* Error.swift in Sources */ = {isa = PBXBuildFile; fileRef = 84922D2319D237E000AE9A7C /* Error.swift */; };
		84922D5619D237E000AE9A7C /* Exception.swift in Sources */ = {isa = PBXBuildFile; fileRef = 84922D2419D237E000AE9A7C /* Exception.swift */; };
		84922D5719D237E000AE9A7C /* Exit.swift in Sources */ = {isa = PBXBuildFile; fileRef = 84922D2519D237E000AE9A7C /* Exit.swift */; };
		84922D5819D237E000AE9A7C /* Foldable.swift in Sources */ = {isa = PBXBuildFile; fileRef = 84922D2619D237E000AE9A7C /* Foldable.swift */; };
		84922D5919D237E000AE9A7C /* Folds.swift in Sources */ = {isa = PBXBuildFile; fileRef = 84922D2719D237E000AE9A7C /* Folds.swift */; };
		84922D5A19D237E000AE9A7C /* Function.swift in Sources */ = {isa = PBXBuildFile; fileRef = 84922D2819D237E000AE9A7C /* Function.swift */; };
		84922D5B19D237E000AE9A7C /* Functor.swift in Sources */ = {isa = PBXBuildFile; fileRef = 84922D2919D237E000AE9A7C /* Functor.swift */; };
		84922D5C19D237E000AE9A7C /* Infinity.swift in Sources */ = {isa = PBXBuildFile; fileRef = 84922D2A19D237E000AE9A7C /* Infinity.swift */; };
		84922D5E19D237E000AE9A7C /* IO.swift in Sources */ = {isa = PBXBuildFile; fileRef = 84922D2C19D237E000AE9A7C /* IO.swift */; };
		84922D5F19D237E000AE9A7C /* IORef.swift in Sources */ = {isa = PBXBuildFile; fileRef = 84922D2D19D237E000AE9A7C /* IORef.swift */; };
		84922D6019D237E000AE9A7C /* Kinds.swift in Sources */ = {isa = PBXBuildFile; fileRef = 84922D2E19D237E000AE9A7C /* Kinds.swift */; };
		84922D6119D237E000AE9A7C /* Lazy.swift in Sources */ = {isa = PBXBuildFile; fileRef = 84922D2F19D237E000AE9A7C /* Lazy.swift */; };
		84922D6219D237E000AE9A7C /* Lift.swift in Sources */ = {isa = PBXBuildFile; fileRef = 84922D3019D237E000AE9A7C /* Lift.swift */; };
		84922D6319D237E000AE9A7C /* List.swift in Sources */ = {isa = PBXBuildFile; fileRef = 84922D3119D237E000AE9A7C /* List.swift */; };
		84922D6419D237E000AE9A7C /* Lower.swift in Sources */ = {isa = PBXBuildFile; fileRef = 84922D3219D237E000AE9A7C /* Lower.swift */; };
		84922D6519D237E000AE9A7C /* Map.swift in Sources */ = {isa = PBXBuildFile; fileRef = 84922D3319D237E000AE9A7C /* Map.swift */; };
		84922D6619D237E000AE9A7C /* Maybe.swift in Sources */ = {isa = PBXBuildFile; fileRef = 84922D3419D237E000AE9A7C /* Maybe.swift */; };
		84922D6719D237E000AE9A7C /* Monad.swift in Sources */ = {isa = PBXBuildFile; fileRef = 84922D3519D237E000AE9A7C /* Monad.swift */; };
		84922D6819D237E000AE9A7C /* MonadFix.swift in Sources */ = {isa = PBXBuildFile; fileRef = 84922D3619D237E000AE9A7C /* MonadFix.swift */; };
		84922D6919D237E000AE9A7C /* MonadZip.swift in Sources */ = {isa = PBXBuildFile; fileRef = 84922D3719D237E000AE9A7C /* MonadZip.swift */; };
		84922D6A19D237E000AE9A7C /* Monoid.swift in Sources */ = {isa = PBXBuildFile; fileRef = 84922D3819D237E000AE9A7C /* Monoid.swift */; };
		84922D6B19D237E000AE9A7C /* Operators.swift in Sources */ = {isa = PBXBuildFile; fileRef = 84922D3919D237E000AE9A7C /* Operators.swift */; };
		84922D6C19D237E000AE9A7C /* Query.swift in Sources */ = {isa = PBXBuildFile; fileRef = 84922D3A19D237E000AE9A7C /* Query.swift */; };
		84922D6D19D237E000AE9A7C /* Scans.swift in Sources */ = {isa = PBXBuildFile; fileRef = 84922D3B19D237E000AE9A7C /* Scans.swift */; };
		84922D6E19D237E000AE9A7C /* Search.swift in Sources */ = {isa = PBXBuildFile; fileRef = 84922D3C19D237E000AE9A7C /* Search.swift */; };
		84922D6F19D237E000AE9A7C /* ST.swift in Sources */ = {isa = PBXBuildFile; fileRef = 84922D3D19D237E000AE9A7C /* ST.swift */; };
		84922D7019D237E000AE9A7C /* STRef.swift in Sources */ = {isa = PBXBuildFile; fileRef = 84922D3E19D237E000AE9A7C /* STRef.swift */; };
		84922D7119D237E000AE9A7C /* String.swift in Sources */ = {isa = PBXBuildFile; fileRef = 84922D3F19D237E000AE9A7C /* String.swift */; };
		84922D7219D237E000AE9A7C /* Sublists.swift in Sources */ = {isa = PBXBuildFile; fileRef = 84922D4019D237E000AE9A7C /* Sublists.swift */; };
		84922D7319D237E000AE9A7C /* Trace.swift in Sources */ = {isa = PBXBuildFile; fileRef = 84922D4119D237E000AE9A7C /* Trace.swift */; };
		84922D7419D237E000AE9A7C /* Transformations.swift in Sources */ = {isa = PBXBuildFile; fileRef = 84922D4219D237E000AE9A7C /* Transformations.swift */; };
		84922D7519D237E000AE9A7C /* Traverse.swift in Sources */ = {isa = PBXBuildFile; fileRef = 84922D4319D237E000AE9A7C /* Traverse.swift */; };
		84922D7619D237E000AE9A7C /* Tuple.swift in Sources */ = {isa = PBXBuildFile; fileRef = 84922D4419D237E000AE9A7C /* Tuple.swift */; };
		84922D7719D237E000AE9A7C /* Unique.swift in Sources */ = {isa = PBXBuildFile; fileRef = 84922D4519D237E000AE9A7C /* Unique.swift */; };
		84922D7819D237E000AE9A7C /* Zip.swift in Sources */ = {isa = PBXBuildFile; fileRef = 84922D4619D237E000AE9A7C /* Zip.swift */; };
		84922EB119D3869B00AE9A7C /* Result.swift in Sources */ = {isa = PBXBuildFile; fileRef = 84922EB019D3869B00AE9A7C /* Result.swift */; };
		84C9967D19CE89F40046906D /* Basis.framework in Frameworks */ = {isa = PBXBuildFile; fileRef = 84C9967119CE89F30046906D /* Basis.framework */; };
		84C9970319CE8A970046906D /* FunctionSpec.swift in Sources */ = {isa = PBXBuildFile; fileRef = 84C996FD19CE8A970046906D /* FunctionSpec.swift */; };
		84C9970419CE8A970046906D /* FunctionsSpec.swift in Sources */ = {isa = PBXBuildFile; fileRef = 84C996FE19CE8A970046906D /* FunctionsSpec.swift */; };
		84C9970519CE8A970046906D /* InfinitySpec.swift in Sources */ = {isa = PBXBuildFile; fileRef = 84C996FF19CE8A970046906D /* InfinitySpec.swift */; };
		84C9970619CE8A970046906D /* OperatorsSpec.swift in Sources */ = {isa = PBXBuildFile; fileRef = 84C9970019CE8A970046906D /* OperatorsSpec.swift */; };
		84C9970719CE8A970046906D /* StringSpec.swift in Sources */ = {isa = PBXBuildFile; fileRef = 84C9970119CE8A970046906D /* StringSpec.swift */; };
		84C9970819CE8A970046906D /* TupleSpec.swift in Sources */ = {isa = PBXBuildFile; fileRef = 84C9970219CE8A970046906D /* TupleSpec.swift */; };
/* End PBXBuildFile section */

/* Begin PBXContainerItemProxy section */
		84C9967E19CE89F40046906D /* PBXContainerItemProxy */ = {
			isa = PBXContainerItemProxy;
			containerPortal = 84C9966819CE89F30046906D /* Project object */;
			proxyType = 1;
			remoteGlobalIDString = 84C9967019CE89F30046906D;
			remoteInfo = Basis;
		};
/* End PBXContainerItemProxy section */

/* Begin PBXFileReference section */
		8418FC4B19CFA9BA0010923E /* UniqueSpec.swift */ = {isa = PBXFileReference; fileEncoding = 4; lastKnownFileType = sourcecode.swift; path = UniqueSpec.swift; sourceTree = "<group>"; };
		8418FC4E19CFAED80010923E /* MaybeSpec.swift */ = {isa = PBXFileReference; fileEncoding = 4; lastKnownFileType = sourcecode.swift; path = MaybeSpec.swift; sourceTree = "<group>"; };
		8418FC5119CFB3480010923E /* EitherSpec.swift */ = {isa = PBXFileReference; fileEncoding = 4; lastKnownFileType = sourcecode.swift; path = EitherSpec.swift; sourceTree = "<group>"; };
		84922D1519D237E000AE9A7C /* Applicative.swift */ = {isa = PBXFileReference; fileEncoding = 4; lastKnownFileType = sourcecode.swift; path = Applicative.swift; sourceTree = "<group>"; };
		84922D1619D237E000AE9A7C /* Arrow.swift */ = {isa = PBXFileReference; fileEncoding = 4; lastKnownFileType = sourcecode.swift; path = Arrow.swift; sourceTree = "<group>"; };
		84922D1719D237E000AE9A7C /* BASERealWorld.h */ = {isa = PBXFileReference; fileEncoding = 4; lastKnownFileType = sourcecode.c.h; path = BASERealWorld.h; sourceTree = "<group>"; };
		84922D1819D237E000AE9A7C /* BASERealWorld.m */ = {isa = PBXFileReference; fileEncoding = 4; lastKnownFileType = sourcecode.c.objc; path = BASERealWorld.m; sourceTree = "<group>"; };
		84922D1919D237E000AE9A7C /* Basis-ObjCBridge.h */ = {isa = PBXFileReference; fileEncoding = 4; lastKnownFileType = sourcecode.c.h; path = "Basis-ObjCBridge.h"; sourceTree = "<group>"; };
		84922D1A19D237E000AE9A7C /* Basis.h */ = {isa = PBXFileReference; fileEncoding = 4; lastKnownFileType = sourcecode.c.h; path = Basis.h; sourceTree = "<group>"; };
		84922D1B19D237E000AE9A7C /* Bottom.swift */ = {isa = PBXFileReference; fileEncoding = 4; lastKnownFileType = sourcecode.swift; path = Bottom.swift; sourceTree = "<group>"; };
		84922D1C19D237E000AE9A7C /* Bounded.swift */ = {isa = PBXFileReference; fileEncoding = 4; lastKnownFileType = sourcecode.swift; path = Bounded.swift; sourceTree = "<group>"; };
		84922D1D19D237E000AE9A7C /* Box.swift */ = {isa = PBXFileReference; fileEncoding = 4; lastKnownFileType = sourcecode.swift; path = Box.swift; sourceTree = "<group>"; };
		84922D1E19D237E000AE9A7C /* Category.swift */ = {isa = PBXFileReference; fileEncoding = 4; lastKnownFileType = sourcecode.swift; path = Category.swift; sourceTree = "<group>"; };
		84922D1F19D237E000AE9A7C /* Coerce.swift */ = {isa = PBXFileReference; fileEncoding = 4; lastKnownFileType = sourcecode.swift; path = Coerce.swift; sourceTree = "<group>"; };
		84922D2019D237E000AE9A7C /* Combinator.swift */ = {isa = PBXFileReference; fileEncoding = 4; lastKnownFileType = sourcecode.swift; path = Combinator.swift; sourceTree = "<group>"; };
		84922D2119D237E000AE9A7C /* Compare.swift */ = {isa = PBXFileReference; fileEncoding = 4; lastKnownFileType = sourcecode.swift; path = Compare.swift; sourceTree = "<group>"; };
		84922D2219D237E000AE9A7C /* Either.swift */ = {isa = PBXFileReference; fileEncoding = 4; lastKnownFileType = sourcecode.swift; path = Either.swift; sourceTree = "<group>"; };
		84922D2319D237E000AE9A7C /* Error.swift */ = {isa = PBXFileReference; fileEncoding = 4; lastKnownFileType = sourcecode.swift; path = Error.swift; sourceTree = "<group>"; };
		84922D2419D237E000AE9A7C /* Exception.swift */ = {isa = PBXFileReference; fileEncoding = 4; lastKnownFileType = sourcecode.swift; path = Exception.swift; sourceTree = "<group>"; };
		84922D2519D237E000AE9A7C /* Exit.swift */ = {isa = PBXFileReference; fileEncoding = 4; lastKnownFileType = sourcecode.swift; path = Exit.swift; sourceTree = "<group>"; };
		84922D2619D237E000AE9A7C /* Foldable.swift */ = {isa = PBXFileReference; fileEncoding = 4; lastKnownFileType = sourcecode.swift; path = Foldable.swift; sourceTree = "<group>"; };
		84922D2719D237E000AE9A7C /* Folds.swift */ = {isa = PBXFileReference; fileEncoding = 4; lastKnownFileType = sourcecode.swift; path = Folds.swift; sourceTree = "<group>"; };
		84922D2819D237E000AE9A7C /* Function.swift */ = {isa = PBXFileReference; fileEncoding = 4; lastKnownFileType = sourcecode.swift; path = Function.swift; sourceTree = "<group>"; };
		84922D2919D237E000AE9A7C /* Functor.swift */ = {isa = PBXFileReference; fileEncoding = 4; lastKnownFileType = sourcecode.swift; path = Functor.swift; sourceTree = "<group>"; };
		84922D2A19D237E000AE9A7C /* Infinity.swift */ = {isa = PBXFileReference; fileEncoding = 4; lastKnownFileType = sourcecode.swift; path = Infinity.swift; sourceTree = "<group>"; };
		84922D2B19D237E000AE9A7C /* Info.plist */ = {isa = PBXFileReference; fileEncoding = 4; lastKnownFileType = text.plist.xml; path = Info.plist; sourceTree = "<group>"; };
		84922D2C19D237E000AE9A7C /* IO.swift */ = {isa = PBXFileReference; fileEncoding = 4; lastKnownFileType = sourcecode.swift; path = IO.swift; sourceTree = "<group>"; };
		84922D2D19D237E000AE9A7C /* IORef.swift */ = {isa = PBXFileReference; fileEncoding = 4; lastKnownFileType = sourcecode.swift; path = IORef.swift; sourceTree = "<group>"; };
		84922D2E19D237E000AE9A7C /* Kinds.swift */ = {isa = PBXFileReference; fileEncoding = 4; lastKnownFileType = sourcecode.swift; path = Kinds.swift; sourceTree = "<group>"; };
		84922D2F19D237E000AE9A7C /* Lazy.swift */ = {isa = PBXFileReference; fileEncoding = 4; lastKnownFileType = sourcecode.swift; path = Lazy.swift; sourceTree = "<group>"; };
		84922D3019D237E000AE9A7C /* Lift.swift */ = {isa = PBXFileReference; fileEncoding = 4; lastKnownFileType = sourcecode.swift; path = Lift.swift; sourceTree = "<group>"; };
		84922D3119D237E000AE9A7C /* List.swift */ = {isa = PBXFileReference; fileEncoding = 4; lastKnownFileType = sourcecode.swift; path = List.swift; sourceTree = "<group>"; };
		84922D3219D237E000AE9A7C /* Lower.swift */ = {isa = PBXFileReference; fileEncoding = 4; lastKnownFileType = sourcecode.swift; path = Lower.swift; sourceTree = "<group>"; };
		84922D3319D237E000AE9A7C /* Map.swift */ = {isa = PBXFileReference; fileEncoding = 4; lastKnownFileType = sourcecode.swift; path = Map.swift; sourceTree = "<group>"; };
		84922D3419D237E000AE9A7C /* Maybe.swift */ = {isa = PBXFileReference; fileEncoding = 4; lastKnownFileType = sourcecode.swift; path = Maybe.swift; sourceTree = "<group>"; };
		84922D3519D237E000AE9A7C /* Monad.swift */ = {isa = PBXFileReference; fileEncoding = 4; lastKnownFileType = sourcecode.swift; path = Monad.swift; sourceTree = "<group>"; };
		84922D3619D237E000AE9A7C /* MonadFix.swift */ = {isa = PBXFileReference; fileEncoding = 4; lastKnownFileType = sourcecode.swift; path = MonadFix.swift; sourceTree = "<group>"; };
		84922D3719D237E000AE9A7C /* MonadZip.swift */ = {isa = PBXFileReference; fileEncoding = 4; lastKnownFileType = sourcecode.swift; path = MonadZip.swift; sourceTree = "<group>"; };
		84922D3819D237E000AE9A7C /* Monoid.swift */ = {isa = PBXFileReference; fileEncoding = 4; lastKnownFileType = sourcecode.swift; path = Monoid.swift; sourceTree = "<group>"; };
		84922D3919D237E000AE9A7C /* Operators.swift */ = {isa = PBXFileReference; fileEncoding = 4; lastKnownFileType = sourcecode.swift; path = Operators.swift; sourceTree = "<group>"; };
		84922D3A19D237E000AE9A7C /* Query.swift */ = {isa = PBXFileReference; fileEncoding = 4; lastKnownFileType = sourcecode.swift; path = Query.swift; sourceTree = "<group>"; };
		84922D3B19D237E000AE9A7C /* Scans.swift */ = {isa = PBXFileReference; fileEncoding = 4; lastKnownFileType = sourcecode.swift; path = Scans.swift; sourceTree = "<group>"; };
		84922D3C19D237E000AE9A7C /* Search.swift */ = {isa = PBXFileReference; fileEncoding = 4; lastKnownFileType = sourcecode.swift; path = Search.swift; sourceTree = "<group>"; };
		84922D3D19D237E000AE9A7C /* ST.swift */ = {isa = PBXFileReference; fileEncoding = 4; lastKnownFileType = sourcecode.swift; path = ST.swift; sourceTree = "<group>"; };
		84922D3E19D237E000AE9A7C /* STRef.swift */ = {isa = PBXFileReference; fileEncoding = 4; lastKnownFileType = sourcecode.swift; path = STRef.swift; sourceTree = "<group>"; };
		84922D3F19D237E000AE9A7C /* String.swift */ = {isa = PBXFileReference; fileEncoding = 4; lastKnownFileType = sourcecode.swift; path = String.swift; sourceTree = "<group>"; };
		84922D4019D237E000AE9A7C /* Sublists.swift */ = {isa = PBXFileReference; fileEncoding = 4; lastKnownFileType = sourcecode.swift; path = Sublists.swift; sourceTree = "<group>"; };
		84922D4119D237E000AE9A7C /* Trace.swift */ = {isa = PBXFileReference; fileEncoding = 4; lastKnownFileType = sourcecode.swift; path = Trace.swift; sourceTree = "<group>"; };
		84922D4219D237E000AE9A7C /* Transformations.swift */ = {isa = PBXFileReference; fileEncoding = 4; lastKnownFileType = sourcecode.swift; path = Transformations.swift; sourceTree = "<group>"; };
		84922D4319D237E000AE9A7C /* Traverse.swift */ = {isa = PBXFileReference; fileEncoding = 4; lastKnownFileType = sourcecode.swift; path = Traverse.swift; sourceTree = "<group>"; };
		84922D4419D237E000AE9A7C /* Tuple.swift */ = {isa = PBXFileReference; fileEncoding = 4; lastKnownFileType = sourcecode.swift; path = Tuple.swift; sourceTree = "<group>"; };
		84922D4519D237E000AE9A7C /* Unique.swift */ = {isa = PBXFileReference; fileEncoding = 4; lastKnownFileType = sourcecode.swift; path = Unique.swift; sourceTree = "<group>"; };
		84922D4619D237E000AE9A7C /* Zip.swift */ = {isa = PBXFileReference; fileEncoding = 4; lastKnownFileType = sourcecode.swift; path = Zip.swift; sourceTree = "<group>"; };
		84922EB019D3869B00AE9A7C /* Result.swift */ = {isa = PBXFileReference; fileEncoding = 4; lastKnownFileType = sourcecode.swift; path = Result.swift; sourceTree = "<group>"; };
		84C9967119CE89F30046906D /* Basis.framework */ = {isa = PBXFileReference; explicitFileType = wrapper.framework; includeInIndex = 0; path = Basis.framework; sourceTree = BUILT_PRODUCTS_DIR; };
		84C9967C19CE89F40046906D /* BasisTests.xctest */ = {isa = PBXFileReference; explicitFileType = wrapper.cfbundle; includeInIndex = 0; path = BasisTests.xctest; sourceTree = BUILT_PRODUCTS_DIR; };
		84C9968219CE89F40046906D /* Info.plist */ = {isa = PBXFileReference; lastKnownFileType = text.plist.xml; path = Info.plist; sourceTree = "<group>"; };
		84C996FD19CE8A970046906D /* FunctionSpec.swift */ = {isa = PBXFileReference; fileEncoding = 4; lastKnownFileType = sourcecode.swift; path = FunctionSpec.swift; sourceTree = "<group>"; };
		84C996FE19CE8A970046906D /* FunctionsSpec.swift */ = {isa = PBXFileReference; fileEncoding = 4; lastKnownFileType = sourcecode.swift; path = FunctionsSpec.swift; sourceTree = "<group>"; };
		84C996FF19CE8A970046906D /* InfinitySpec.swift */ = {isa = PBXFileReference; fileEncoding = 4; lastKnownFileType = sourcecode.swift; path = InfinitySpec.swift; sourceTree = "<group>"; };
		84C9970019CE8A970046906D /* OperatorsSpec.swift */ = {isa = PBXFileReference; fileEncoding = 4; lastKnownFileType = sourcecode.swift; path = OperatorsSpec.swift; sourceTree = "<group>"; };
		84C9970119CE8A970046906D /* StringSpec.swift */ = {isa = PBXFileReference; fileEncoding = 4; lastKnownFileType = sourcecode.swift; path = StringSpec.swift; sourceTree = "<group>"; };
		84C9970219CE8A970046906D /* TupleSpec.swift */ = {isa = PBXFileReference; fileEncoding = 4; lastKnownFileType = sourcecode.swift; path = TupleSpec.swift; sourceTree = "<group>"; };
/* End PBXFileReference section */

/* Begin PBXFrameworksBuildPhase section */
		84C9966D19CE89F30046906D /* Frameworks */ = {
			isa = PBXFrameworksBuildPhase;
			buildActionMask = 2147483647;
			files = (
			);
			runOnlyForDeploymentPostprocessing = 0;
		};
		84C9967919CE89F40046906D /* Frameworks */ = {
			isa = PBXFrameworksBuildPhase;
			buildActionMask = 2147483647;
			files = (
				84C9967D19CE89F40046906D /* Basis.framework in Frameworks */,
			);
			runOnlyForDeploymentPostprocessing = 0;
		};
/* End PBXFrameworksBuildPhase section */

/* Begin PBXGroup section */
		84922D7919D2381000AE9A7C /* Control */ = {
			isa = PBXGroup;
			children = (
				84922D1519D237E000AE9A7C /* Applicative.swift */,
				84922D7A19D2381800AE9A7C /* Arrow */,
				84922D1E19D237E000AE9A7C /* Category.swift */,
				84922D7B19D2382000AE9A7C /* Monad */,
			);
			name = Control;
			sourceTree = "<group>";
		};
		84922D7A19D2381800AE9A7C /* Arrow */ = {
			isa = PBXGroup;
			children = (
				84922D1619D237E000AE9A7C /* Arrow.swift */,
				84922D3019D237E000AE9A7C /* Lift.swift */,
				84922D3219D237E000AE9A7C /* Lower.swift */,
			);
			name = Arrow;
			sourceTree = "<group>";
		};
		84922D7B19D2382000AE9A7C /* Monad */ = {
			isa = PBXGroup;
			children = (
				84922D3519D237E000AE9A7C /* Monad.swift */,
				84922D3619D237E000AE9A7C /* MonadFix.swift */,
				84922D3719D237E000AE9A7C /* MonadZip.swift */,
			);
			name = Monad;
			sourceTree = "<group>";
		};
		84922D7C19D2383700AE9A7C /* Supporting Files */ = {
			isa = PBXGroup;
			children = (
				84922D1719D237E000AE9A7C /* BASERealWorld.h */,
				84922D1819D237E000AE9A7C /* BASERealWorld.m */,
				84922D1919D237E000AE9A7C /* Basis-ObjCBridge.h */,
				84922D2B19D237E000AE9A7C /* Info.plist */,
			);
			name = "Supporting Files";
			sourceTree = "<group>";
		};
		84922D7D19D2385900AE9A7C /* List */ = {
			isa = PBXGroup;
			children = (
				84922D2F19D237E000AE9A7C /* Lazy.swift */,
				84922D3119D237E000AE9A7C /* List.swift */,
				84922D3B19D237E000AE9A7C /* Scans.swift */,
				84922D3C19D237E000AE9A7C /* Search.swift */,
				84922D3F19D237E000AE9A7C /* String.swift */,
				84922D4019D237E000AE9A7C /* Sublists.swift */,
				84922D4119D237E000AE9A7C /* Trace.swift */,
				84922D4219D237E000AE9A7C /* Transformations.swift */,
				84922D4619D237E000AE9A7C /* Zip.swift */,
			);
			name = List;
			sourceTree = "<group>";
		};
		84922D7E19D2386F00AE9A7C /* System */ = {
			isa = PBXGroup;
			children = (
				84922D2319D237E000AE9A7C /* Error.swift */,
				84922D2419D237E000AE9A7C /* Exception.swift */,
				84922D2519D237E000AE9A7C /* Exit.swift */,
				84922D2C19D237E000AE9A7C /* IO.swift */,
			);
			name = System;
			sourceTree = "<group>";
		};
		84922D7F19D2388500AE9A7C /* Map */ = {
			isa = PBXGroup;
			children = (
				84922D3319D237E000AE9A7C /* Map.swift */,
				84922D3A19D237E000AE9A7C /* Query.swift */,
				84922D4319D237E000AE9A7C /* Traverse.swift */,
			);
			name = Map;
			sourceTree = "<group>";
		};
		84922D8019D2389000AE9A7C /* Data */ = {
			isa = PBXGroup;
			children = (
				84922D1B19D237E000AE9A7C /* Bottom.swift */,
				84922D1C19D237E000AE9A7C /* Bounded.swift */,
				84922D1D19D237E000AE9A7C /* Box.swift */,
				84922D1F19D237E000AE9A7C /* Coerce.swift */,
				84922D2019D237E000AE9A7C /* Combinator.swift */,
				84922D2119D237E000AE9A7C /* Compare.swift */,
				84922D2219D237E000AE9A7C /* Either.swift */,
				84922D2619D237E000AE9A7C /* Foldable.swift */,
				84922D2719D237E000AE9A7C /* Folds.swift */,
				84922D2819D237E000AE9A7C /* Function.swift */,
				84922D2919D237E000AE9A7C /* Functor.swift */,
				84922D2A19D237E000AE9A7C /* Infinity.swift */,
				84922D2D19D237E000AE9A7C /* IORef.swift */,
				84922D7D19D2385900AE9A7C /* List */,
				84922D7F19D2388500AE9A7C /* Map */,
				84922D3419D237E000AE9A7C /* Maybe.swift */,
				84922D3819D237E000AE9A7C /* Monoid.swift */,
				84922EB019D3869B00AE9A7C /* Result.swift */,
				84922D3D19D237E000AE9A7C /* ST.swift */,
				84922D3E19D237E000AE9A7C /* STRef.swift */,
				84922D4419D237E000AE9A7C /* Tuple.swift */,
				84922D4519D237E000AE9A7C /* Unique.swift */,
			);
			name = Data;
			sourceTree = "<group>";
		};
		84C9966719CE89F30046906D = {
			isa = PBXGroup;
			children = (
				84C9967319CE89F30046906D /* Basis */,
				84C9968019CE89F40046906D /* BasisTests */,
				84C9967219CE89F30046906D /* Products */,
			);
			sourceTree = "<group>";
		};
		84C9967219CE89F30046906D /* Products */ = {
			isa = PBXGroup;
			children = (
				84C9967119CE89F30046906D /* Basis.framework */,
				84C9967C19CE89F40046906D /* BasisTests.xctest */,
			);
			name = Products;
			sourceTree = "<group>";
		};
		84C9967319CE89F30046906D /* Basis */ = {
			isa = PBXGroup;
			children = (
				84922D1A19D237E000AE9A7C /* Basis.h */,
				84922D2E19D237E000AE9A7C /* Kinds.swift */,
				84922D3919D237E000AE9A7C /* Operators.swift */,
				84922D7919D2381000AE9A7C /* Control */,
				84922D8019D2389000AE9A7C /* Data */,
				84922D7E19D2386F00AE9A7C /* System */,
				84922D7C19D2383700AE9A7C /* Supporting Files */,
			);
			path = Basis;
			sourceTree = "<group>";
		};
		84C9968019CE89F40046906D /* BasisTests */ = {
			isa = PBXGroup;
			children = (
				8418FC5119CFB3480010923E /* EitherSpec.swift */,
				84C996FD19CE8A970046906D /* FunctionSpec.swift */,
				84C996FE19CE8A970046906D /* FunctionsSpec.swift */,
				84C996FF19CE8A970046906D /* InfinitySpec.swift */,
				8418FC4E19CFAED80010923E /* MaybeSpec.swift */,
				84C9970019CE8A970046906D /* OperatorsSpec.swift */,
				84C9970119CE8A970046906D /* StringSpec.swift */,
				84C9970219CE8A970046906D /* TupleSpec.swift */,
				8418FC4B19CFA9BA0010923E /* UniqueSpec.swift */,
				84C9968119CE89F40046906D /* Supporting Files */,
			);
			path = BasisTests;
			sourceTree = "<group>";
		};
		84C9968119CE89F40046906D /* Supporting Files */ = {
			isa = PBXGroup;
			children = (
				84C9968219CE89F40046906D /* Info.plist */,
			);
			name = "Supporting Files";
			sourceTree = "<group>";
		};
/* End PBXGroup section */

/* Begin PBXHeadersBuildPhase section */
		84C9966E19CE89F30046906D /* Headers */ = {
			isa = PBXHeadersBuildPhase;
			buildActionMask = 2147483647;
			files = (
				84922D4C19D237E000AE9A7C /* Basis.h in Headers */,
				84922D4B19D237E000AE9A7C /* Basis-ObjCBridge.h in Headers */,
				84922D4919D237E000AE9A7C /* BASERealWorld.h in Headers */,
			);
			runOnlyForDeploymentPostprocessing = 0;
		};
/* End PBXHeadersBuildPhase section */

/* Begin PBXNativeTarget section */
		84C9967019CE89F30046906D /* Basis */ = {
			isa = PBXNativeTarget;
			buildConfigurationList = 84C9968719CE89F40046906D /* Build configuration list for PBXNativeTarget "Basis" */;
			buildPhases = (
				84C9966C19CE89F30046906D /* Sources */,
				84C9966D19CE89F30046906D /* Frameworks */,
				84C9966E19CE89F30046906D /* Headers */,
				84C9966F19CE89F30046906D /* Resources */,
			);
			buildRules = (
			);
			dependencies = (
			);
			name = Basis;
			productName = Basis;
			productReference = 84C9967119CE89F30046906D /* Basis.framework */;
			productType = "com.apple.product-type.framework";
		};
		84C9967B19CE89F40046906D /* BasisTests */ = {
			isa = PBXNativeTarget;
			buildConfigurationList = 84C9968A19CE89F40046906D /* Build configuration list for PBXNativeTarget "BasisTests" */;
			buildPhases = (
				84C9967819CE89F40046906D /* Sources */,
				84C9967919CE89F40046906D /* Frameworks */,
				84C9967A19CE89F40046906D /* Resources */,
			);
			buildRules = (
			);
			dependencies = (
				84C9967F19CE89F40046906D /* PBXTargetDependency */,
			);
			name = BasisTests;
			productName = BasisTests;
			productReference = 84C9967C19CE89F40046906D /* BasisTests.xctest */;
			productType = "com.apple.product-type.bundle.unit-test";
		};
/* End PBXNativeTarget section */

/* Begin PBXProject section */
		84C9966819CE89F30046906D /* Project object */ = {
			isa = PBXProject;
			attributes = {
				CLASSPREFIX = BASE;
				LastUpgradeCheck = 0610;
				ORGANIZATIONNAME = "Robert Widmann";
				TargetAttributes = {
					84C9967019CE89F30046906D = {
						CreatedOnToolsVersion = 6.1;
					};
					84C9967B19CE89F40046906D = {
						CreatedOnToolsVersion = 6.1;
					};
				};
			};
			buildConfigurationList = 84C9966B19CE89F30046906D /* Build configuration list for PBXProject "Basis" */;
			compatibilityVersion = "Xcode 3.2";
			developmentRegion = English;
			hasScannedForEncodings = 0;
			knownRegions = (
				en,
			);
			mainGroup = 84C9966719CE89F30046906D;
			productRefGroup = 84C9967219CE89F30046906D /* Products */;
			projectDirPath = "";
			projectRoot = "";
			targets = (
				84C9967019CE89F30046906D /* Basis */,
				84C9967B19CE89F40046906D /* BasisTests */,
			);
		};
/* End PBXProject section */

/* Begin PBXResourcesBuildPhase section */
		84C9966F19CE89F30046906D /* Resources */ = {
			isa = PBXResourcesBuildPhase;
			buildActionMask = 2147483647;
			files = (
			);
			runOnlyForDeploymentPostprocessing = 0;
		};
		84C9967A19CE89F40046906D /* Resources */ = {
			isa = PBXResourcesBuildPhase;
			buildActionMask = 2147483647;
			files = (
			);
			runOnlyForDeploymentPostprocessing = 0;
		};
/* End PBXResourcesBuildPhase section */

/* Begin PBXSourcesBuildPhase section */
		84C9966C19CE89F30046906D /* Sources */ = {
			isa = PBXSourcesBuildPhase;
			buildActionMask = 2147483647;
			files = (
				84922D5119D237E000AE9A7C /* Coerce.swift in Sources */,
				84922D6D19D237E000AE9A7C /* Scans.swift in Sources */,
				84922D5319D237E000AE9A7C /* Compare.swift in Sources */,
				84922D7519D237E000AE9A7C /* Traverse.swift in Sources */,
				84922D6919D237E000AE9A7C /* MonadZip.swift in Sources */,
				84922D4D19D237E000AE9A7C /* Bottom.swift in Sources */,
				84922D6719D237E000AE9A7C /* Monad.swift in Sources */,
				84922D7719D237E000AE9A7C /* Unique.swift in Sources */,
				84922D5E19D237E000AE9A7C /* IO.swift in Sources */,
				84922D4E19D237E000AE9A7C /* Bounded.swift in Sources */,
				84922D5519D237E000AE9A7C /* Error.swift in Sources */,
				84922D6E19D237E000AE9A7C /* Search.swift in Sources */,
				84922D6119D237E000AE9A7C /* Lazy.swift in Sources */,
				84922D7319D237E000AE9A7C /* Trace.swift in Sources */,
				84922D7419D237E000AE9A7C /* Transformations.swift in Sources */,
				84922D7819D237E000AE9A7C /* Zip.swift in Sources */,
				84922D4719D237E000AE9A7C /* Applicative.swift in Sources */,
				84922D5219D237E000AE9A7C /* Combinator.swift in Sources */,
				84922D4F19D237E000AE9A7C /* Box.swift in Sources */,
				84922D5619D237E000AE9A7C /* Exception.swift in Sources */,
				84922D6A19D237E000AE9A7C /* Monoid.swift in Sources */,
				84922D5419D237E000AE9A7C /* Either.swift in Sources */,
				84922D6219D237E000AE9A7C /* Lift.swift in Sources */,
				84922D6319D237E000AE9A7C /* List.swift in Sources */,
				84922D6B19D237E000AE9A7C /* Operators.swift in Sources */,
				84922D6F19D237E000AE9A7C /* ST.swift in Sources */,
				84922D6819D237E000AE9A7C /* MonadFix.swift in Sources */,
				84922D5819D237E000AE9A7C /* Foldable.swift in Sources */,
				84922D5A19D237E000AE9A7C /* Function.swift in Sources */,
				84922D6519D237E000AE9A7C /* Map.swift in Sources */,
				84922D7619D237E000AE9A7C /* Tuple.swift in Sources */,
				84922D5C19D237E000AE9A7C /* Infinity.swift in Sources */,
				84922D7219D237E000AE9A7C /* Sublists.swift in Sources */,
				84922D4A19D237E000AE9A7C /* BASERealWorld.m in Sources */,
				84922D7119D237E000AE9A7C /* String.swift in Sources */,
				84922D6019D237E000AE9A7C /* Kinds.swift in Sources */,
				84922D5719D237E000AE9A7C /* Exit.swift in Sources */,
				84922EB119D3869B00AE9A7C /* Result.swift in Sources */,
				84922D4819D237E000AE9A7C /* Arrow.swift in Sources */,
				84922D7019D237E000AE9A7C /* STRef.swift in Sources */,
				84922D5B19D237E000AE9A7C /* Functor.swift in Sources */,
				84922D5919D237E000AE9A7C /* Folds.swift in Sources */,
				84922D6619D237E000AE9A7C /* Maybe.swift in Sources */,
				84922D5F19D237E000AE9A7C /* IORef.swift in Sources */,
				84922D5019D237E000AE9A7C /* Category.swift in Sources */,
				84922D6C19D237E000AE9A7C /* Query.swift in Sources */,
				84922D6419D237E000AE9A7C /* Lower.swift in Sources */,
			);
			runOnlyForDeploymentPostprocessing = 0;
		};
		84C9967819CE89F40046906D /* Sources */ = {
			isa = PBXSourcesBuildPhase;
			buildActionMask = 2147483647;
			files = (
				84C9970619CE8A970046906D /* OperatorsSpec.swift in Sources */,
				84C9970519CE8A970046906D /* InfinitySpec.swift in Sources */,
				84C9970419CE8A970046906D /* FunctionsSpec.swift in Sources */,
				8418FC5219CFB3480010923E /* EitherSpec.swift in Sources */,
				8418FC4F19CFAED80010923E /* MaybeSpec.swift in Sources */,
				8418FC4C19CFA9BA0010923E /* UniqueSpec.swift in Sources */,
				84C9970819CE8A970046906D /* TupleSpec.swift in Sources */,
				84C9970319CE8A970046906D /* FunctionSpec.swift in Sources */,
				84C9970719CE8A970046906D /* StringSpec.swift in Sources */,
			);
			runOnlyForDeploymentPostprocessing = 0;
		};
/* End PBXSourcesBuildPhase section */

/* Begin PBXTargetDependency section */
		84C9967F19CE89F40046906D /* PBXTargetDependency */ = {
			isa = PBXTargetDependency;
			target = 84C9967019CE89F30046906D /* Basis */;
			targetProxy = 84C9967E19CE89F40046906D /* PBXContainerItemProxy */;
		};
/* End PBXTargetDependency section */

/* Begin XCBuildConfiguration section */
		84C9968519CE89F40046906D /* Debug */ = {
			isa = XCBuildConfiguration;
			buildSettings = {
				ALWAYS_SEARCH_USER_PATHS = NO;
				CLANG_CXX_LANGUAGE_STANDARD = "gnu++0x";
				CLANG_CXX_LIBRARY = "libc++";
				CLANG_ENABLE_MODULES = YES;
				CLANG_ENABLE_OBJC_ARC = YES;
				CLANG_WARN_BOOL_CONVERSION = YES;
				CLANG_WARN_CONSTANT_CONVERSION = YES;
				CLANG_WARN_DIRECT_OBJC_ISA_USAGE = YES_ERROR;
				CLANG_WARN_EMPTY_BODY = YES;
				CLANG_WARN_ENUM_CONVERSION = YES;
				CLANG_WARN_INT_CONVERSION = YES;
				CLANG_WARN_OBJC_ROOT_CLASS = YES_ERROR;
				CLANG_WARN_UNREACHABLE_CODE = YES;
				CLANG_WARN__DUPLICATE_METHOD_MATCH = YES;
				COPY_PHASE_STRIP = NO;
				CURRENT_PROJECT_VERSION = 1;
				ENABLE_STRICT_OBJC_MSGSEND = YES;
				GCC_C_LANGUAGE_STANDARD = gnu99;
				GCC_DYNAMIC_NO_PIC = NO;
				GCC_OPTIMIZATION_LEVEL = 0;
				GCC_PREPROCESSOR_DEFINITIONS = (
					"DEBUG=1",
					"$(inherited)",
				);
				GCC_SYMBOLS_PRIVATE_EXTERN = NO;
				GCC_WARN_64_TO_32_BIT_CONVERSION = YES;
				GCC_WARN_ABOUT_RETURN_TYPE = YES_ERROR;
				GCC_WARN_UNDECLARED_SELECTOR = YES;
				GCC_WARN_UNINITIALIZED_AUTOS = YES_AGGRESSIVE;
				GCC_WARN_UNUSED_FUNCTION = YES;
				GCC_WARN_UNUSED_VARIABLE = YES;
				MACOSX_DEPLOYMENT_TARGET = 10.9;
				MTL_ENABLE_DEBUG_INFO = YES;
				ONLY_ACTIVE_ARCH = YES;
				SDKROOT = macosx;
				SWIFT_OPTIMIZATION_LEVEL = "-Onone";
				VERSIONING_SYSTEM = "apple-generic";
				VERSION_INFO_PREFIX = "";
			};
			name = Debug;
		};
		84C9968619CE89F40046906D /* Release */ = {
			isa = XCBuildConfiguration;
			buildSettings = {
				ALWAYS_SEARCH_USER_PATHS = NO;
				CLANG_CXX_LANGUAGE_STANDARD = "gnu++0x";
				CLANG_CXX_LIBRARY = "libc++";
				CLANG_ENABLE_MODULES = YES;
				CLANG_ENABLE_OBJC_ARC = YES;
				CLANG_WARN_BOOL_CONVERSION = YES;
				CLANG_WARN_CONSTANT_CONVERSION = YES;
				CLANG_WARN_DIRECT_OBJC_ISA_USAGE = YES_ERROR;
				CLANG_WARN_EMPTY_BODY = YES;
				CLANG_WARN_ENUM_CONVERSION = YES;
				CLANG_WARN_INT_CONVERSION = YES;
				CLANG_WARN_OBJC_ROOT_CLASS = YES_ERROR;
				CLANG_WARN_UNREACHABLE_CODE = YES;
				CLANG_WARN__DUPLICATE_METHOD_MATCH = YES;
				COPY_PHASE_STRIP = YES;
				CURRENT_PROJECT_VERSION = 1;
				DEBUG_INFORMATION_FORMAT = "dwarf-with-dsym";
				ENABLE_NS_ASSERTIONS = NO;
				ENABLE_STRICT_OBJC_MSGSEND = YES;
				GCC_C_LANGUAGE_STANDARD = gnu99;
				GCC_WARN_64_TO_32_BIT_CONVERSION = YES;
				GCC_WARN_ABOUT_RETURN_TYPE = YES_ERROR;
				GCC_WARN_UNDECLARED_SELECTOR = YES;
				GCC_WARN_UNINITIALIZED_AUTOS = YES_AGGRESSIVE;
				GCC_WARN_UNUSED_FUNCTION = YES;
				GCC_WARN_UNUSED_VARIABLE = YES;
				MACOSX_DEPLOYMENT_TARGET = 10.9;
				MTL_ENABLE_DEBUG_INFO = NO;
				SDKROOT = macosx;
				VERSIONING_SYSTEM = "apple-generic";
				VERSION_INFO_PREFIX = "";
			};
			name = Release;
		};
		84C9968819CE89F40046906D /* Debug */ = {
			isa = XCBuildConfiguration;
			buildSettings = {
				CLANG_ENABLE_MODULES = YES;
				COMBINE_HIDPI_IMAGES = YES;
				DEFINES_MODULE = YES;
				DYLIB_COMPATIBILITY_VERSION = 1;
				DYLIB_CURRENT_VERSION = 1;
				DYLIB_INSTALL_NAME_BASE = "@rpath";
				FRAMEWORK_VERSION = A;
				INFOPLIST_FILE = Basis/Info.plist;
				INSTALL_PATH = "$(LOCAL_LIBRARY_DIR)/Frameworks";
				LD_RUNPATH_SEARCH_PATHS = "$(inherited) @executable_path/../Frameworks @loader_path/Frameworks";
				PRODUCT_NAME = "$(TARGET_NAME)";
				SKIP_INSTALL = YES;
				SWIFT_OBJC_BRIDGING_HEADER = "";
				SWIFT_OPTIMIZATION_LEVEL = "-Onone";
			};
			name = Debug;
		};
		84C9968919CE89F40046906D /* Release */ = {
			isa = XCBuildConfiguration;
			buildSettings = {
				CLANG_ENABLE_MODULES = YES;
				COMBINE_HIDPI_IMAGES = YES;
				DEFINES_MODULE = YES;
				DYLIB_COMPATIBILITY_VERSION = 1;
				DYLIB_CURRENT_VERSION = 1;
				DYLIB_INSTALL_NAME_BASE = "@rpath";
				FRAMEWORK_VERSION = A;
				INFOPLIST_FILE = Basis/Info.plist;
				INSTALL_PATH = "$(LOCAL_LIBRARY_DIR)/Frameworks";
				LD_RUNPATH_SEARCH_PATHS = "$(inherited) @executable_path/../Frameworks @loader_path/Frameworks";
				PRODUCT_NAME = "$(TARGET_NAME)";
				SKIP_INSTALL = YES;
				SWIFT_OBJC_BRIDGING_HEADER = "";
			};
			name = Release;
		};
		84C9968B19CE89F40046906D /* Debug */ = {
			isa = XCBuildConfiguration;
			buildSettings = {
				CLANG_ENABLE_MODULES = YES;
				COMBINE_HIDPI_IMAGES = YES;
				FRAMEWORK_SEARCH_PATHS = (
					"$(DEVELOPER_FRAMEWORKS_DIR)",
					"$(inherited)",
				);
				GCC_PREPROCESSOR_DEFINITIONS = (
					"DEBUG=1",
					"$(inherited)",
				);
				INFOPLIST_FILE = BasisTests/Info.plist;
				LD_RUNPATH_SEARCH_PATHS = "$(inherited) @executable_path/../Frameworks @loader_path/../Frameworks";
				PRODUCT_NAME = "$(TARGET_NAME)";
				SWIFT_OPTIMIZATION_LEVEL = "-Onone";
			};
			name = Debug;
		};
		84C9968C19CE89F40046906D /* Release */ = {
			isa = XCBuildConfiguration;
			buildSettings = {
				CLANG_ENABLE_MODULES = YES;
				COMBINE_HIDPI_IMAGES = YES;
				FRAMEWORK_SEARCH_PATHS = (
					"$(DEVELOPER_FRAMEWORKS_DIR)",
					"$(inherited)",
				);
				INFOPLIST_FILE = BasisTests/Info.plist;
				LD_RUNPATH_SEARCH_PATHS = "$(inherited) @executable_path/../Frameworks @loader_path/../Frameworks";
				PRODUCT_NAME = "$(TARGET_NAME)";
			};
			name = Release;
		};
/* End XCBuildConfiguration section */

/* Begin XCConfigurationList section */
		84C9966B19CE89F30046906D /* Build configuration list for PBXProject "Basis" */ = {
			isa = XCConfigurationList;
			buildConfigurations = (
				84C9968519CE89F40046906D /* Debug */,
				84C9968619CE89F40046906D /* Release */,
			);
			defaultConfigurationIsVisible = 0;
			defaultConfigurationName = Release;
		};
		84C9968719CE89F40046906D /* Build configuration list for PBXNativeTarget "Basis" */ = {
			isa = XCConfigurationList;
			buildConfigurations = (
				84C9968819CE89F40046906D /* Debug */,
				84C9968919CE89F40046906D /* Release */,
			);
			defaultConfigurationIsVisible = 0;
			defaultConfigurationName = Release;
		};
		84C9968A19CE89F40046906D /* Build configuration list for PBXNativeTarget "BasisTests" */ = {
			isa = XCConfigurationList;
			buildConfigurations = (
				84C9968B19CE89F40046906D /* Debug */,
				84C9968C19CE89F40046906D /* Release */,
			);
			defaultConfigurationIsVisible = 0;
			defaultConfigurationName = Release;
		};
/* End XCConfigurationList section */
	};
	rootObject = 84C9966819CE89F30046906D /* Project object */;
}
