// !$*UTF8*$!
{
	archiveVersion = 1;
	classes = {
	};
	objectVersion = 46;
	objects = {

/* Begin PBXBuildFile section */
		84095F0D1A28EAE000956141 /* Member.swift in Sources */ = {isa = PBXBuildFile; fileRef = 84095F0C1A28EAE000956141 /* Member.swift */; };
		84095F111A28EAF400956141 /* MemberSpec.swift in Sources */ = {isa = PBXBuildFile; fileRef = 84095F101A28EAF400956141 /* MemberSpec.swift */; };
		840D57841A631EF200EFFF53 /* Array.swift in Sources */ = {isa = PBXBuildFile; fileRef = 840D57831A631EF200EFFF53 /* Array.swift */; };
		8415CED719E4B4560037742B /* Coerce.swift in Sources */ = {isa = PBXBuildFile; fileRef = 84922CBB19D237DA00AE9A7C /* Coerce.swift */; };
		841FE02919DB7E390068636A /* Lazy.swift in Sources */ = {isa = PBXBuildFile; fileRef = 841FE02019DB7E390068636A /* Lazy.swift */; };
		841FE02A19DB7E390068636A /* List.swift in Sources */ = {isa = PBXBuildFile; fileRef = 841FE02119DB7E390068636A /* List.swift */; };
		841FE02B19DB7E390068636A /* Scans.swift in Sources */ = {isa = PBXBuildFile; fileRef = 841FE02219DB7E390068636A /* Scans.swift */; };
		841FE02C19DB7E390068636A /* Search.swift in Sources */ = {isa = PBXBuildFile; fileRef = 841FE02319DB7E390068636A /* Search.swift */; };
		841FE02D19DB7E390068636A /* String.swift in Sources */ = {isa = PBXBuildFile; fileRef = 841FE02419DB7E390068636A /* String.swift */; };
		841FE02E19DB7E390068636A /* Sublists.swift in Sources */ = {isa = PBXBuildFile; fileRef = 841FE02519DB7E390068636A /* Sublists.swift */; };
		841FE02F19DB7E390068636A /* Trace.swift in Sources */ = {isa = PBXBuildFile; fileRef = 841FE02619DB7E390068636A /* Trace.swift */; };
		841FE03019DB7E390068636A /* Transformations.swift in Sources */ = {isa = PBXBuildFile; fileRef = 841FE02719DB7E390068636A /* Transformations.swift */; };
		841FE03119DB7E390068636A /* Zip.swift in Sources */ = {isa = PBXBuildFile; fileRef = 841FE02819DB7E390068636A /* Zip.swift */; };
		841FE04819DB7EE80068636A /* Compare.swift in Sources */ = {isa = PBXBuildFile; fileRef = 841FE04619DB7EE80068636A /* Compare.swift */; };
		841FE04919DB7EE80068636A /* Folds.swift in Sources */ = {isa = PBXBuildFile; fileRef = 841FE04719DB7EE80068636A /* Folds.swift */; };
		8427737A1A5CDB6300CF1E67 /* Char.swift in Sources */ = {isa = PBXBuildFile; fileRef = 842773791A5CDB6300CF1E67 /* Char.swift */; };
		8427737E1A5CDB7500CF1E67 /* CharSpec.swift in Sources */ = {isa = PBXBuildFile; fileRef = 8427737D1A5CDB7500CF1E67 /* CharSpec.swift */; };
		8434F96B19E8BA00008D9909 /* Version.swift in Sources */ = {isa = PBXBuildFile; fileRef = 8434F96A19E8BA00008D9909 /* Version.swift */; };
		8434F96F19E8BDF5008D9909 /* VersionSpec.swift in Sources */ = {isa = PBXBuildFile; fileRef = 8434F96E19E8BDF5008D9909 /* VersionSpec.swift */; };
		8441AAAA1A0C51C4008D5701 /* LazySpec.swift in Sources */ = {isa = PBXBuildFile; fileRef = 8441AAA91A0C51C4008D5701 /* LazySpec.swift */; };
		847E99E01A48B39600B5B8CE /* FoldsSpec.swift in Sources */ = {isa = PBXBuildFile; fileRef = 847E99DF1A48B39600B5B8CE /* FoldsSpec.swift */; };
		847E99E21A48C3DB00B5B8CE /* Stream.swift in Sources */ = {isa = PBXBuildFile; fileRef = 847E99E11A48C3DB00B5B8CE /* Stream.swift */; };
		84896B471A475849006F3EA9 /* TrampolineSpec.swift in Sources */ = {isa = PBXBuildFile; fileRef = 84896B461A475849006F3EA9 /* TrampolineSpec.swift */; };
		84896B491A475854006F3EA9 /* Trampoline.swift in Sources */ = {isa = PBXBuildFile; fileRef = 84896B481A475854006F3EA9 /* Trampoline.swift */; };
		84922CA719D237B900AE9A7C /* EitherSpec.swift in Sources */ = {isa = PBXBuildFile; fileRef = 84922C9D19D237B900AE9A7C /* EitherSpec.swift */; };
		84922CA819D237B900AE9A7C /* ArrowSpec.swift in Sources */ = {isa = PBXBuildFile; fileRef = 84922C9E19D237B900AE9A7C /* ArrowSpec.swift */; };
		84922CA919D237B900AE9A7C /* FunctionsSpec.swift in Sources */ = {isa = PBXBuildFile; fileRef = 84922C9F19D237B900AE9A7C /* FunctionsSpec.swift */; };
		84922CAA19D237B900AE9A7C /* InfinitySpec.swift in Sources */ = {isa = PBXBuildFile; fileRef = 84922CA019D237B900AE9A7C /* InfinitySpec.swift */; };
		84922CAC19D237B900AE9A7C /* MaybeSpec.swift in Sources */ = {isa = PBXBuildFile; fileRef = 84922CA219D237B900AE9A7C /* MaybeSpec.swift */; };
		84922CAD19D237B900AE9A7C /* OperatorsSpec.swift in Sources */ = {isa = PBXBuildFile; fileRef = 84922CA319D237B900AE9A7C /* OperatorsSpec.swift */; };
		84922CAE19D237B900AE9A7C /* StringSpec.swift in Sources */ = {isa = PBXBuildFile; fileRef = 84922CA419D237B900AE9A7C /* StringSpec.swift */; };
		84922CAF19D237B900AE9A7C /* TupleSpec.swift in Sources */ = {isa = PBXBuildFile; fileRef = 84922CA519D237B900AE9A7C /* TupleSpec.swift */; };
		84922CB019D237B900AE9A7C /* UniqueSpec.swift in Sources */ = {isa = PBXBuildFile; fileRef = 84922CA619D237B900AE9A7C /* UniqueSpec.swift */; };
		84922CE319D237DA00AE9A7C /* Applicative.swift in Sources */ = {isa = PBXBuildFile; fileRef = 84922CB119D237DA00AE9A7C /* Applicative.swift */; };
		84922CE419D237DA00AE9A7C /* Arrow.swift in Sources */ = {isa = PBXBuildFile; fileRef = 84922CB219D237DA00AE9A7C /* Arrow.swift */; };
		84922CE519D237DA00AE9A7C /* BASERealWorld.h in Headers */ = {isa = PBXBuildFile; fileRef = 84922CB319D237DA00AE9A7C /* BASERealWorld.h */; settings = {ATTRIBUTES = (Public, ); }; };
		84922CE619D237DA00AE9A7C /* BASERealWorld.m in Sources */ = {isa = PBXBuildFile; fileRef = 84922CB419D237DA00AE9A7C /* BASERealWorld.m */; };
		84922CE819D237DA00AE9A7C /* Basis.h in Headers */ = {isa = PBXBuildFile; fileRef = 84922CB619D237DA00AE9A7C /* Basis.h */; settings = {ATTRIBUTES = (Public, ); }; };
		84922CE919D237DA00AE9A7C /* Bottom.swift in Sources */ = {isa = PBXBuildFile; fileRef = 84922CB719D237DA00AE9A7C /* Bottom.swift */; };
		84922CEA19D237DA00AE9A7C /* Bounded.swift in Sources */ = {isa = PBXBuildFile; fileRef = 84922CB819D237DA00AE9A7C /* Bounded.swift */; };
		84922CEB19D237DA00AE9A7C /* Box.swift in Sources */ = {isa = PBXBuildFile; fileRef = 84922CB919D237DA00AE9A7C /* Box.swift */; };
		84922CEC19D237DA00AE9A7C /* Category.swift in Sources */ = {isa = PBXBuildFile; fileRef = 84922CBA19D237DA00AE9A7C /* Category.swift */; };
		84922CEE19D237DA00AE9A7C /* Combinator.swift in Sources */ = {isa = PBXBuildFile; fileRef = 84922CBC19D237DA00AE9A7C /* Combinator.swift */; };
		84922CF019D237DA00AE9A7C /* Either.swift in Sources */ = {isa = PBXBuildFile; fileRef = 84922CBE19D237DA00AE9A7C /* Either.swift */; };
		84922CF119D237DA00AE9A7C /* Error.swift in Sources */ = {isa = PBXBuildFile; fileRef = 84922CBF19D237DA00AE9A7C /* Error.swift */; };
		84922CF219D237DA00AE9A7C /* Exception.swift in Sources */ = {isa = PBXBuildFile; fileRef = 84922CC019D237DA00AE9A7C /* Exception.swift */; };
		84922CF319D237DA00AE9A7C /* Exit.swift in Sources */ = {isa = PBXBuildFile; fileRef = 84922CC119D237DA00AE9A7C /* Exit.swift */; };
		84922CF619D237DA00AE9A7C /* Function.swift in Sources */ = {isa = PBXBuildFile; fileRef = 84922CC419D237DA00AE9A7C /* Function.swift */; };
		84922CF719D237DA00AE9A7C /* Functor.swift in Sources */ = {isa = PBXBuildFile; fileRef = 84922CC519D237DA00AE9A7C /* Functor.swift */; };
		84922CFA19D237DA00AE9A7C /* IO.swift in Sources */ = {isa = PBXBuildFile; fileRef = 84922CC819D237DA00AE9A7C /* IO.swift */; };
		84922CFB19D237DA00AE9A7C /* IORef.swift in Sources */ = {isa = PBXBuildFile; fileRef = 84922CC919D237DA00AE9A7C /* IORef.swift */; };
		84922CFC19D237DA00AE9A7C /* Kinds.swift in Sources */ = {isa = PBXBuildFile; fileRef = 84922CCA19D237DA00AE9A7C /* Kinds.swift */; };
		84922CFE19D237DA00AE9A7C /* Lift.swift in Sources */ = {isa = PBXBuildFile; fileRef = 84922CCC19D237DA00AE9A7C /* Lift.swift */; };
		84922D0019D237DA00AE9A7C /* Lower.swift in Sources */ = {isa = PBXBuildFile; fileRef = 84922CCE19D237DA00AE9A7C /* Lower.swift */; };
		84922D0119D237DA00AE9A7C /* Map.swift in Sources */ = {isa = PBXBuildFile; fileRef = 84922CCF19D237DA00AE9A7C /* Map.swift */; };
		84922D0219D237DA00AE9A7C /* Maybe.swift in Sources */ = {isa = PBXBuildFile; fileRef = 84922CD019D237DA00AE9A7C /* Maybe.swift */; };
		84922D0319D237DA00AE9A7C /* Monad.swift in Sources */ = {isa = PBXBuildFile; fileRef = 84922CD119D237DA00AE9A7C /* Monad.swift */; };
		84922D0419D237DA00AE9A7C /* MonadFix.swift in Sources */ = {isa = PBXBuildFile; fileRef = 84922CD219D237DA00AE9A7C /* MonadFix.swift */; };
		84922D0519D237DA00AE9A7C /* MonadZip.swift in Sources */ = {isa = PBXBuildFile; fileRef = 84922CD319D237DA00AE9A7C /* MonadZip.swift */; };
		84922D0619D237DA00AE9A7C /* Monoid.swift in Sources */ = {isa = PBXBuildFile; fileRef = 84922CD419D237DA00AE9A7C /* Monoid.swift */; };
		84922D0719D237DA00AE9A7C /* Operators.swift in Sources */ = {isa = PBXBuildFile; fileRef = 84922CD519D237DA00AE9A7C /* Operators.swift */; };
		84922D0819D237DA00AE9A7C /* Query.swift in Sources */ = {isa = PBXBuildFile; fileRef = 84922CD619D237DA00AE9A7C /* Query.swift */; };
		84922D0B19D237DA00AE9A7C /* ST.swift in Sources */ = {isa = PBXBuildFile; fileRef = 84922CD919D237DA00AE9A7C /* ST.swift */; };
		84922D0C19D237DA00AE9A7C /* STRef.swift in Sources */ = {isa = PBXBuildFile; fileRef = 84922CDA19D237DA00AE9A7C /* STRef.swift */; };
		84922D1119D237DA00AE9A7C /* Traverse.swift in Sources */ = {isa = PBXBuildFile; fileRef = 84922CDF19D237DA00AE9A7C /* Traverse.swift */; };
		84922D1219D237DA00AE9A7C /* Tuple.swift in Sources */ = {isa = PBXBuildFile; fileRef = 84922CE019D237DA00AE9A7C /* Tuple.swift */; };
		84922D1319D237DA00AE9A7C /* Unique.swift in Sources */ = {isa = PBXBuildFile; fileRef = 84922CE119D237DA00AE9A7C /* Unique.swift */; };
		84922EB319D386BD00AE9A7C /* Result.swift in Sources */ = {isa = PBXBuildFile; fileRef = 84922EB219D386BD00AE9A7C /* Result.swift */; };
		849AA3A41A09836000472F08 /* Basis.framework in CopyFiles */ = {isa = PBXBuildFile; fileRef = 84922C8419D2375F00AE9A7C /* Basis.framework */; settings = {ATTRIBUTES = (CodeSignOnCopy, RemoveHeadersOnCopy, ); }; };
		84A802E219D3BD5000E71F93 /* MonoidSpec.swift in Sources */ = {isa = PBXBuildFile; fileRef = 84A802E119D3BD5000E71F93 /* MonoidSpec.swift */; };
		84D4D8DE1A16E366001F5E4D /* Contravariant.swift in Sources */ = {isa = PBXBuildFile; fileRef = 84D4D8DD1A16E366001F5E4D /* Contravariant.swift */; };
		84D4D8E41A16E4E9001F5E4D /* Const.swift in Sources */ = {isa = PBXBuildFile; fileRef = 84D4D8E31A16E4E9001F5E4D /* Const.swift */; };
		84D4D8E81A16EBAF001F5E4D /* Comonad.swift in Sources */ = {isa = PBXBuildFile; fileRef = 84D4D8E71A16EBAF001F5E4D /* Comonad.swift */; };
		84D4D8EB1A16EBBE001F5E4D /* ComonadApply.swift in Sources */ = {isa = PBXBuildFile; fileRef = 84D4D8EA1A16EBBE001F5E4D /* ComonadApply.swift */; };
		84D4D8ED1A16EBC5001F5E4D /* ComonadFix.swift in Sources */ = {isa = PBXBuildFile; fileRef = 84D4D8EC1A16EBC5001F5E4D /* ComonadFix.swift */; };
		84D4D8EF1A16EBDB001F5E4D /* Copointed.swift in Sources */ = {isa = PBXBuildFile; fileRef = 84D4D8EE1A16EBDB001F5E4D /* Copointed.swift */; };
		84D77DF61A3BE573000F5683 /* Pointed.swift in Sources */ = {isa = PBXBuildFile; fileRef = 84D77DF51A3BE573000F5683 /* Pointed.swift */; };
		84D77DFB1A3CF9FA000F5683 /* ListSpec.swift in Sources */ = {isa = PBXBuildFile; fileRef = 84D77DFA1A3CF9FA000F5683 /* ListSpec.swift */; };
		84F43F0119E1B3B40012CF95 /* Optional.swift in Sources */ = {isa = PBXBuildFile; fileRef = 84F43F0019E1B3B40012CF95 /* Optional.swift */; };
		84F9063019D639980035D429 /* CompareSpec.swift in Sources */ = {isa = PBXBuildFile; fileRef = 84F9062F19D639980035D429 /* CompareSpec.swift */; };
		84F9071519D64DE10035D429 /* ScansSpec.swift in Sources */ = {isa = PBXBuildFile; fileRef = 84F9071419D64DE10035D429 /* ScansSpec.swift */; };
/* End PBXBuildFile section */

/* Begin PBXCopyFilesBuildPhase section */
		849AA3A31A09835600472F08 /* CopyFiles */ = {
			isa = PBXCopyFilesBuildPhase;
			buildActionMask = 2147483647;
			dstPath = "";
			dstSubfolderSpec = 10;
			files = (
				849AA3A41A09836000472F08 /* Basis.framework in CopyFiles */,
			);
			runOnlyForDeploymentPostprocessing = 0;
		};
/* End PBXCopyFilesBuildPhase section */

/* Begin PBXFileReference section */
		84095F0C1A28EAE000956141 /* Member.swift */ = {isa = PBXFileReference; fileEncoding = 4; lastKnownFileType = sourcecode.swift; path = Member.swift; sourceTree = "<group>"; };
		84095F101A28EAF400956141 /* MemberSpec.swift */ = {isa = PBXFileReference; fileEncoding = 4; lastKnownFileType = sourcecode.swift; path = MemberSpec.swift; sourceTree = "<group>"; };
		840D57831A631EF200EFFF53 /* Array.swift */ = {isa = PBXFileReference; fileEncoding = 4; lastKnownFileType = sourcecode.swift; path = Array.swift; sourceTree = "<group>"; };
		841FE02019DB7E390068636A /* Lazy.swift */ = {isa = PBXFileReference; fileEncoding = 4; lastKnownFileType = sourcecode.swift; lineEnding = 0; path = Lazy.swift; sourceTree = "<group>"; xcLanguageSpecificationIdentifier = xcode.lang.swift; };
		841FE02119DB7E390068636A /* List.swift */ = {isa = PBXFileReference; fileEncoding = 4; lastKnownFileType = sourcecode.swift; lineEnding = 0; path = List.swift; sourceTree = "<group>"; xcLanguageSpecificationIdentifier = xcode.lang.swift; };
		841FE02219DB7E390068636A /* Scans.swift */ = {isa = PBXFileReference; fileEncoding = 4; lastKnownFileType = sourcecode.swift; lineEnding = 0; path = Scans.swift; sourceTree = "<group>"; xcLanguageSpecificationIdentifier = xcode.lang.swift; };
		841FE02319DB7E390068636A /* Search.swift */ = {isa = PBXFileReference; fileEncoding = 4; lastKnownFileType = sourcecode.swift; lineEnding = 0; path = Search.swift; sourceTree = "<group>"; xcLanguageSpecificationIdentifier = xcode.lang.swift; };
		841FE02419DB7E390068636A /* String.swift */ = {isa = PBXFileReference; fileEncoding = 4; lastKnownFileType = sourcecode.swift; path = String.swift; sourceTree = "<group>"; };
		841FE02519DB7E390068636A /* Sublists.swift */ = {isa = PBXFileReference; fileEncoding = 4; lastKnownFileType = sourcecode.swift; lineEnding = 0; path = Sublists.swift; sourceTree = "<group>"; xcLanguageSpecificationIdentifier = xcode.lang.swift; };
		841FE02619DB7E390068636A /* Trace.swift */ = {isa = PBXFileReference; fileEncoding = 4; lastKnownFileType = sourcecode.swift; path = Trace.swift; sourceTree = "<group>"; };
		841FE02719DB7E390068636A /* Transformations.swift */ = {isa = PBXFileReference; fileEncoding = 4; lastKnownFileType = sourcecode.swift; lineEnding = 0; path = Transformations.swift; sourceTree = "<group>"; xcLanguageSpecificationIdentifier = xcode.lang.swift; };
		841FE02819DB7E390068636A /* Zip.swift */ = {isa = PBXFileReference; fileEncoding = 4; lastKnownFileType = sourcecode.swift; path = Zip.swift; sourceTree = "<group>"; };
		841FE04619DB7EE80068636A /* Compare.swift */ = {isa = PBXFileReference; fileEncoding = 4; lastKnownFileType = sourcecode.swift; lineEnding = 0; path = Compare.swift; sourceTree = "<group>"; xcLanguageSpecificationIdentifier = xcode.lang.swift; };
		841FE04719DB7EE80068636A /* Folds.swift */ = {isa = PBXFileReference; fileEncoding = 4; lastKnownFileType = sourcecode.swift; lineEnding = 0; path = Folds.swift; sourceTree = "<group>"; xcLanguageSpecificationIdentifier = xcode.lang.swift; };
		842773791A5CDB6300CF1E67 /* Char.swift */ = {isa = PBXFileReference; fileEncoding = 4; lastKnownFileType = sourcecode.swift; path = Char.swift; sourceTree = "<group>"; };
		8427737D1A5CDB7500CF1E67 /* CharSpec.swift */ = {isa = PBXFileReference; fileEncoding = 4; lastKnownFileType = sourcecode.swift; path = CharSpec.swift; sourceTree = "<group>"; };
		8434F96A19E8BA00008D9909 /* Version.swift */ = {isa = PBXFileReference; fileEncoding = 4; lastKnownFileType = sourcecode.swift; path = Version.swift; sourceTree = "<group>"; };
		8434F96E19E8BDF5008D9909 /* VersionSpec.swift */ = {isa = PBXFileReference; fileEncoding = 4; lastKnownFileType = sourcecode.swift; path = VersionSpec.swift; sourceTree = "<group>"; };
		8441AAA91A0C51C4008D5701 /* LazySpec.swift */ = {isa = PBXFileReference; fileEncoding = 4; lastKnownFileType = sourcecode.swift; path = LazySpec.swift; sourceTree = "<group>"; };
		847E99DF1A48B39600B5B8CE /* FoldsSpec.swift */ = {isa = PBXFileReference; fileEncoding = 4; lastKnownFileType = sourcecode.swift; path = FoldsSpec.swift; sourceTree = "<group>"; };
		847E99E11A48C3DB00B5B8CE /* Stream.swift */ = {isa = PBXFileReference; fileEncoding = 4; lastKnownFileType = sourcecode.swift; lineEnding = 0; path = Stream.swift; sourceTree = "<group>"; xcLanguageSpecificationIdentifier = xcode.lang.swift; };
		84896B461A475849006F3EA9 /* TrampolineSpec.swift */ = {isa = PBXFileReference; fileEncoding = 4; lastKnownFileType = sourcecode.swift; path = TrampolineSpec.swift; sourceTree = "<group>"; };
		84896B481A475854006F3EA9 /* Trampoline.swift */ = {isa = PBXFileReference; fileEncoding = 4; lastKnownFileType = sourcecode.swift; path = Trampoline.swift; sourceTree = "<group>"; };
		84922C8419D2375F00AE9A7C /* Basis.framework */ = {isa = PBXFileReference; explicitFileType = wrapper.framework; includeInIndex = 0; path = Basis.framework; sourceTree = BUILT_PRODUCTS_DIR; };
		84922C8F19D2375F00AE9A7C /* BasisTests.xctest */ = {isa = PBXFileReference; explicitFileType = wrapper.cfbundle; includeInIndex = 0; path = BasisTests.xctest; sourceTree = BUILT_PRODUCTS_DIR; };
		84922C9D19D237B900AE9A7C /* EitherSpec.swift */ = {isa = PBXFileReference; fileEncoding = 4; lastKnownFileType = sourcecode.swift; lineEnding = 0; path = EitherSpec.swift; sourceTree = "<group>"; xcLanguageSpecificationIdentifier = xcode.lang.swift; };
		84922C9E19D237B900AE9A7C /* ArrowSpec.swift */ = {isa = PBXFileReference; fileEncoding = 4; lastKnownFileType = sourcecode.swift; lineEnding = 0; path = ArrowSpec.swift; sourceTree = "<group>"; xcLanguageSpecificationIdentifier = xcode.lang.swift; };
		84922C9F19D237B900AE9A7C /* FunctionsSpec.swift */ = {isa = PBXFileReference; fileEncoding = 4; lastKnownFileType = sourcecode.swift; lineEnding = 0; path = FunctionsSpec.swift; sourceTree = "<group>"; xcLanguageSpecificationIdentifier = xcode.lang.swift; };
		84922CA019D237B900AE9A7C /* InfinitySpec.swift */ = {isa = PBXFileReference; fileEncoding = 4; lastKnownFileType = sourcecode.swift; lineEnding = 0; path = InfinitySpec.swift; sourceTree = "<group>"; xcLanguageSpecificationIdentifier = xcode.lang.swift; };
		84922CA119D237B900AE9A7C /* Info.plist */ = {isa = PBXFileReference; fileEncoding = 4; lastKnownFileType = text.plist.xml; path = Info.plist; sourceTree = "<group>"; };
		84922CA219D237B900AE9A7C /* MaybeSpec.swift */ = {isa = PBXFileReference; fileEncoding = 4; lastKnownFileType = sourcecode.swift; path = MaybeSpec.swift; sourceTree = "<group>"; };
		84922CA319D237B900AE9A7C /* OperatorsSpec.swift */ = {isa = PBXFileReference; fileEncoding = 4; lastKnownFileType = sourcecode.swift; path = OperatorsSpec.swift; sourceTree = "<group>"; };
		84922CA419D237B900AE9A7C /* StringSpec.swift */ = {isa = PBXFileReference; fileEncoding = 4; lastKnownFileType = sourcecode.swift; path = StringSpec.swift; sourceTree = "<group>"; };
		84922CA519D237B900AE9A7C /* TupleSpec.swift */ = {isa = PBXFileReference; fileEncoding = 4; lastKnownFileType = sourcecode.swift; path = TupleSpec.swift; sourceTree = "<group>"; };
		84922CA619D237B900AE9A7C /* UniqueSpec.swift */ = {isa = PBXFileReference; fileEncoding = 4; lastKnownFileType = sourcecode.swift; path = UniqueSpec.swift; sourceTree = "<group>"; };
		84922CB119D237DA00AE9A7C /* Applicative.swift */ = {isa = PBXFileReference; fileEncoding = 4; lastKnownFileType = sourcecode.swift; lineEnding = 0; path = Applicative.swift; sourceTree = "<group>"; xcLanguageSpecificationIdentifier = xcode.lang.swift; };
		84922CB219D237DA00AE9A7C /* Arrow.swift */ = {isa = PBXFileReference; fileEncoding = 4; lastKnownFileType = sourcecode.swift; lineEnding = 0; path = Arrow.swift; sourceTree = "<group>"; xcLanguageSpecificationIdentifier = xcode.lang.swift; };
		84922CB319D237DA00AE9A7C /* BASERealWorld.h */ = {isa = PBXFileReference; fileEncoding = 4; lastKnownFileType = sourcecode.c.h; lineEnding = 0; path = BASERealWorld.h; sourceTree = "<group>"; xcLanguageSpecificationIdentifier = xcode.lang.objcpp; };
		84922CB419D237DA00AE9A7C /* BASERealWorld.m */ = {isa = PBXFileReference; fileEncoding = 4; lastKnownFileType = sourcecode.c.objc; lineEnding = 0; path = BASERealWorld.m; sourceTree = "<group>"; xcLanguageSpecificationIdentifier = xcode.lang.objc; };
		84922CB619D237DA00AE9A7C /* Basis.h */ = {isa = PBXFileReference; fileEncoding = 4; lastKnownFileType = sourcecode.c.h; lineEnding = 0; path = Basis.h; sourceTree = "<group>"; xcLanguageSpecificationIdentifier = xcode.lang.objcpp; };
		84922CB719D237DA00AE9A7C /* Bottom.swift */ = {isa = PBXFileReference; fileEncoding = 4; lastKnownFileType = sourcecode.swift; lineEnding = 0; path = Bottom.swift; sourceTree = "<group>"; xcLanguageSpecificationIdentifier = xcode.lang.swift; };
		84922CB819D237DA00AE9A7C /* Bounded.swift */ = {isa = PBXFileReference; fileEncoding = 4; lastKnownFileType = sourcecode.swift; lineEnding = 0; path = Bounded.swift; sourceTree = "<group>"; xcLanguageSpecificationIdentifier = xcode.lang.swift; };
		84922CB919D237DA00AE9A7C /* Box.swift */ = {isa = PBXFileReference; fileEncoding = 4; lastKnownFileType = sourcecode.swift; lineEnding = 0; path = Box.swift; sourceTree = "<group>"; xcLanguageSpecificationIdentifier = xcode.lang.swift; };
		84922CBA19D237DA00AE9A7C /* Category.swift */ = {isa = PBXFileReference; fileEncoding = 4; lastKnownFileType = sourcecode.swift; lineEnding = 0; path = Category.swift; sourceTree = "<group>"; xcLanguageSpecificationIdentifier = xcode.lang.swift; };
		84922CBB19D237DA00AE9A7C /* Coerce.swift */ = {isa = PBXFileReference; fileEncoding = 4; lastKnownFileType = sourcecode.swift; lineEnding = 0; path = Coerce.swift; sourceTree = "<group>"; xcLanguageSpecificationIdentifier = xcode.lang.swift; };
		84922CBC19D237DA00AE9A7C /* Combinator.swift */ = {isa = PBXFileReference; fileEncoding = 4; lastKnownFileType = sourcecode.swift; lineEnding = 0; path = Combinator.swift; sourceTree = "<group>"; xcLanguageSpecificationIdentifier = xcode.lang.swift; };
		84922CBE19D237DA00AE9A7C /* Either.swift */ = {isa = PBXFileReference; fileEncoding = 4; lastKnownFileType = sourcecode.swift; lineEnding = 0; path = Either.swift; sourceTree = "<group>"; xcLanguageSpecificationIdentifier = xcode.lang.swift; };
		84922CBF19D237DA00AE9A7C /* Error.swift */ = {isa = PBXFileReference; fileEncoding = 4; lastKnownFileType = sourcecode.swift; lineEnding = 0; path = Error.swift; sourceTree = "<group>"; xcLanguageSpecificationIdentifier = xcode.lang.swift; };
		84922CC019D237DA00AE9A7C /* Exception.swift */ = {isa = PBXFileReference; fileEncoding = 4; lastKnownFileType = sourcecode.swift; lineEnding = 0; path = Exception.swift; sourceTree = "<group>"; xcLanguageSpecificationIdentifier = xcode.lang.swift; };
		84922CC119D237DA00AE9A7C /* Exit.swift */ = {isa = PBXFileReference; fileEncoding = 4; lastKnownFileType = sourcecode.swift; lineEnding = 0; path = Exit.swift; sourceTree = "<group>"; xcLanguageSpecificationIdentifier = xcode.lang.swift; };
		84922CC419D237DA00AE9A7C /* Function.swift */ = {isa = PBXFileReference; fileEncoding = 4; lastKnownFileType = sourcecode.swift; lineEnding = 0; path = Function.swift; sourceTree = "<group>"; xcLanguageSpecificationIdentifier = xcode.lang.swift; };
		84922CC519D237DA00AE9A7C /* Functor.swift */ = {isa = PBXFileReference; fileEncoding = 4; lastKnownFileType = sourcecode.swift; lineEnding = 0; path = Functor.swift; sourceTree = "<group>"; xcLanguageSpecificationIdentifier = xcode.lang.swift; };
		84922CC719D237DA00AE9A7C /* Info.plist */ = {isa = PBXFileReference; fileEncoding = 4; lastKnownFileType = text.plist.xml; path = Info.plist; sourceTree = "<group>"; };
		84922CC819D237DA00AE9A7C /* IO.swift */ = {isa = PBXFileReference; fileEncoding = 4; lastKnownFileType = sourcecode.swift; lineEnding = 0; path = IO.swift; sourceTree = "<group>"; xcLanguageSpecificationIdentifier = xcode.lang.swift; };
		84922CC919D237DA00AE9A7C /* IORef.swift */ = {isa = PBXFileReference; fileEncoding = 4; lastKnownFileType = sourcecode.swift; lineEnding = 0; path = IORef.swift; sourceTree = "<group>"; xcLanguageSpecificationIdentifier = xcode.lang.swift; };
		84922CCA19D237DA00AE9A7C /* Kinds.swift */ = {isa = PBXFileReference; fileEncoding = 4; lastKnownFileType = sourcecode.swift; lineEnding = 0; path = Kinds.swift; sourceTree = "<group>"; xcLanguageSpecificationIdentifier = xcode.lang.swift; };
		84922CCC19D237DA00AE9A7C /* Lift.swift */ = {isa = PBXFileReference; fileEncoding = 4; lastKnownFileType = sourcecode.swift; lineEnding = 0; path = Lift.swift; sourceTree = "<group>"; xcLanguageSpecificationIdentifier = xcode.lang.swift; };
		84922CCE19D237DA00AE9A7C /* Lower.swift */ = {isa = PBXFileReference; fileEncoding = 4; lastKnownFileType = sourcecode.swift; path = Lower.swift; sourceTree = "<group>"; };
		84922CCF19D237DA00AE9A7C /* Map.swift */ = {isa = PBXFileReference; fileEncoding = 4; lastKnownFileType = sourcecode.swift; lineEnding = 0; path = Map.swift; sourceTree = "<group>"; xcLanguageSpecificationIdentifier = xcode.lang.swift; };
		84922CD019D237DA00AE9A7C /* Maybe.swift */ = {isa = PBXFileReference; fileEncoding = 4; lastKnownFileType = sourcecode.swift; lineEnding = 0; path = Maybe.swift; sourceTree = "<group>"; xcLanguageSpecificationIdentifier = xcode.lang.swift; };
		84922CD119D237DA00AE9A7C /* Monad.swift */ = {isa = PBXFileReference; fileEncoding = 4; lastKnownFileType = sourcecode.swift; path = Monad.swift; sourceTree = "<group>"; };
		84922CD219D237DA00AE9A7C /* MonadFix.swift */ = {isa = PBXFileReference; fileEncoding = 4; lastKnownFileType = sourcecode.swift; path = MonadFix.swift; sourceTree = "<group>"; };
		84922CD319D237DA00AE9A7C /* MonadZip.swift */ = {isa = PBXFileReference; fileEncoding = 4; lastKnownFileType = sourcecode.swift; path = MonadZip.swift; sourceTree = "<group>"; };
		84922CD419D237DA00AE9A7C /* Monoid.swift */ = {isa = PBXFileReference; fileEncoding = 4; lastKnownFileType = sourcecode.swift; path = Monoid.swift; sourceTree = "<group>"; };
		84922CD519D237DA00AE9A7C /* Operators.swift */ = {isa = PBXFileReference; fileEncoding = 4; lastKnownFileType = sourcecode.swift; path = Operators.swift; sourceTree = "<group>"; };
		84922CD619D237DA00AE9A7C /* Query.swift */ = {isa = PBXFileReference; fileEncoding = 4; lastKnownFileType = sourcecode.swift; lineEnding = 0; path = Query.swift; sourceTree = "<group>"; xcLanguageSpecificationIdentifier = xcode.lang.swift; };
		84922CD919D237DA00AE9A7C /* ST.swift */ = {isa = PBXFileReference; fileEncoding = 4; lastKnownFileType = sourcecode.swift; path = ST.swift; sourceTree = "<group>"; };
		84922CDA19D237DA00AE9A7C /* STRef.swift */ = {isa = PBXFileReference; fileEncoding = 4; lastKnownFileType = sourcecode.swift; path = STRef.swift; sourceTree = "<group>"; };
		84922CDF19D237DA00AE9A7C /* Traverse.swift */ = {isa = PBXFileReference; fileEncoding = 4; lastKnownFileType = sourcecode.swift; lineEnding = 0; path = Traverse.swift; sourceTree = "<group>"; xcLanguageSpecificationIdentifier = xcode.lang.swift; };
		84922CE019D237DA00AE9A7C /* Tuple.swift */ = {isa = PBXFileReference; fileEncoding = 4; lastKnownFileType = sourcecode.swift; path = Tuple.swift; sourceTree = "<group>"; };
		84922CE119D237DA00AE9A7C /* Unique.swift */ = {isa = PBXFileReference; fileEncoding = 4; lastKnownFileType = sourcecode.swift; path = Unique.swift; sourceTree = "<group>"; };
		84922EB219D386BD00AE9A7C /* Result.swift */ = {isa = PBXFileReference; fileEncoding = 4; lastKnownFileType = sourcecode.swift; path = Result.swift; sourceTree = "<group>"; };
		84A802E119D3BD5000E71F93 /* MonoidSpec.swift */ = {isa = PBXFileReference; fileEncoding = 4; lastKnownFileType = sourcecode.swift; path = MonoidSpec.swift; sourceTree = "<group>"; };
		84D4D8DD1A16E366001F5E4D /* Contravariant.swift */ = {isa = PBXFileReference; fileEncoding = 4; lastKnownFileType = sourcecode.swift; path = Contravariant.swift; sourceTree = "<group>"; };
		84D4D8E31A16E4E9001F5E4D /* Const.swift */ = {isa = PBXFileReference; fileEncoding = 4; lastKnownFileType = sourcecode.swift; path = Const.swift; sourceTree = "<group>"; };
		84D4D8E71A16EBAF001F5E4D /* Comonad.swift */ = {isa = PBXFileReference; fileEncoding = 4; lastKnownFileType = sourcecode.swift; path = Comonad.swift; sourceTree = "<group>"; };
		84D4D8EA1A16EBBE001F5E4D /* ComonadApply.swift */ = {isa = PBXFileReference; fileEncoding = 4; lastKnownFileType = sourcecode.swift; path = ComonadApply.swift; sourceTree = "<group>"; };
		84D4D8EC1A16EBC5001F5E4D /* ComonadFix.swift */ = {isa = PBXFileReference; fileEncoding = 4; lastKnownFileType = sourcecode.swift; path = ComonadFix.swift; sourceTree = "<group>"; };
		84D4D8EE1A16EBDB001F5E4D /* Copointed.swift */ = {isa = PBXFileReference; fileEncoding = 4; lastKnownFileType = sourcecode.swift; path = Copointed.swift; sourceTree = "<group>"; };
		84D77DF51A3BE573000F5683 /* Pointed.swift */ = {isa = PBXFileReference; fileEncoding = 4; lastKnownFileType = sourcecode.swift; path = Pointed.swift; sourceTree = "<group>"; };
		84D77DFA1A3CF9FA000F5683 /* ListSpec.swift */ = {isa = PBXFileReference; fileEncoding = 4; lastKnownFileType = sourcecode.swift; lineEnding = 0; path = ListSpec.swift; sourceTree = "<group>"; xcLanguageSpecificationIdentifier = xcode.lang.swift; };
		84F43F0019E1B3B40012CF95 /* Optional.swift */ = {isa = PBXFileReference; fileEncoding = 4; lastKnownFileType = sourcecode.swift; lineEnding = 0; path = Optional.swift; sourceTree = "<group>"; xcLanguageSpecificationIdentifier = xcode.lang.swift; };
		84F9062F19D639980035D429 /* CompareSpec.swift */ = {isa = PBXFileReference; fileEncoding = 4; lastKnownFileType = sourcecode.swift; path = CompareSpec.swift; sourceTree = "<group>"; };
		84F9071419D64DE10035D429 /* ScansSpec.swift */ = {isa = PBXFileReference; fileEncoding = 4; lastKnownFileType = sourcecode.swift; path = ScansSpec.swift; sourceTree = "<group>"; };
/* End PBXFileReference section */

/* Begin PBXFrameworksBuildPhase section */
		84922C8019D2375F00AE9A7C /* Frameworks */ = {
			isa = PBXFrameworksBuildPhase;
			buildActionMask = 2147483647;
			files = (
			);
			runOnlyForDeploymentPostprocessing = 0;
		};
		84922C8C19D2375F00AE9A7C /* Frameworks */ = {
			isa = PBXFrameworksBuildPhase;
			buildActionMask = 2147483647;
			files = (
			);
			runOnlyForDeploymentPostprocessing = 0;
		};
/* End PBXFrameworksBuildPhase section */

/* Begin PBXGroup section */
		841FE03219DB7E440068636A /* List */ = {
			isa = PBXGroup;
			children = (
				840D57831A631EF200EFFF53 /* Array.swift */,
				841FE02119DB7E390068636A /* List.swift */,
				841FE04619DB7EE80068636A /* Compare.swift */,
				841FE04719DB7EE80068636A /* Folds.swift */,
				841FE02019DB7E390068636A /* Lazy.swift */,
				841FE02219DB7E390068636A /* Scans.swift */,
				841FE02319DB7E390068636A /* Search.swift */,
				841FE02419DB7E390068636A /* String.swift */,
				841FE02519DB7E390068636A /* Sublists.swift */,
				841FE02719DB7E390068636A /* Transformations.swift */,
				841FE02819DB7E390068636A /* Zip.swift */,
			);
			name = List;
			sourceTree = "<group>";
		};
		84922C7A19D2375F00AE9A7C = {
			isa = PBXGroup;
			children = (
				84922C8619D2375F00AE9A7C /* Basis */,
				84922C9019D2375F00AE9A7C /* BasisTests */,
				84922C8519D2375F00AE9A7C /* Products */,
			);
			sourceTree = "<group>";
		};
		84922C8519D2375F00AE9A7C /* Products */ = {
			isa = PBXGroup;
			children = (
				84922C8419D2375F00AE9A7C /* Basis.framework */,
				84922C8F19D2375F00AE9A7C /* BasisTests.xctest */,
			);
			name = Products;
			sourceTree = "<group>";
		};
		84922C8619D2375F00AE9A7C /* Basis */ = {
			isa = PBXGroup;
			children = (
				84922CB619D237DA00AE9A7C /* Basis.h */,
				84922CD519D237DA00AE9A7C /* Operators.swift */,
				84922CCA19D237DA00AE9A7C /* Kinds.swift */,
				84922D8219D238CE00AE9A7C /* Control */,
				84922D8819D2394400AE9A7C /* Data */,
				84922D8719D2392300AE9A7C /* System */,
				84922D8119D238A900AE9A7C /* Supporting Files */,
			);
			path = Basis;
			sourceTree = "<group>";
		};
		84922C9019D2375F00AE9A7C /* BasisTests */ = {
			isa = PBXGroup;
			children = (
				84922C9E19D237B900AE9A7C /* ArrowSpec.swift */,
				8427737D1A5CDB7500CF1E67 /* CharSpec.swift */,
				84F9062F19D639980035D429 /* CompareSpec.swift */,
				84922C9D19D237B900AE9A7C /* EitherSpec.swift */,
				847E99DF1A48B39600B5B8CE /* FoldsSpec.swift */,
				84922C9F19D237B900AE9A7C /* FunctionsSpec.swift */,
				84922CA019D237B900AE9A7C /* InfinitySpec.swift */,
				84896B461A475849006F3EA9 /* TrampolineSpec.swift */,
				8441AAA91A0C51C4008D5701 /* LazySpec.swift */,
				84D77DFA1A3CF9FA000F5683 /* ListSpec.swift */,
				84922CA219D237B900AE9A7C /* MaybeSpec.swift */,
				84095F101A28EAF400956141 /* MemberSpec.swift */,
				84A802E119D3BD5000E71F93 /* MonoidSpec.swift */,
				84922CA319D237B900AE9A7C /* OperatorsSpec.swift */,
				84F9071419D64DE10035D429 /* ScansSpec.swift */,
				84922CA419D237B900AE9A7C /* StringSpec.swift */,
				84922CA519D237B900AE9A7C /* TupleSpec.swift */,
				84922CA619D237B900AE9A7C /* UniqueSpec.swift */,
				8434F96E19E8BDF5008D9909 /* VersionSpec.swift */,
				84922C9119D2375F00AE9A7C /* Supporting Files */,
			);
			path = BasisTests;
			sourceTree = "<group>";
		};
		84922C9119D2375F00AE9A7C /* Supporting Files */ = {
			isa = PBXGroup;
			children = (
				84922CA119D237B900AE9A7C /* Info.plist */,
			);
			name = "Supporting Files";
			sourceTree = "<group>";
		};
		84922D8119D238A900AE9A7C /* Supporting Files */ = {
			isa = PBXGroup;
			children = (
				84922CB319D237DA00AE9A7C /* BASERealWorld.h */,
				84922CB419D237DA00AE9A7C /* BASERealWorld.m */,
				84922CC719D237DA00AE9A7C /* Info.plist */,
			);
			name = "Supporting Files";
			sourceTree = "<group>";
		};
		84922D8219D238CE00AE9A7C /* Control */ = {
			isa = PBXGroup;
			children = (
				84922CB119D237DA00AE9A7C /* Applicative.swift */,
				84922D8319D238D400AE9A7C /* Arrow */,
				84922CBA19D237DA00AE9A7C /* Category.swift */,
				84D4D8E91A16EBB3001F5E4D /* Comonad */,
				84922D8419D238DB00AE9A7C /* Monad */,
				84896B481A475854006F3EA9 /* Trampoline.swift */,
			);
			name = Control;
			sourceTree = "<group>";
		};
		84922D8319D238D400AE9A7C /* Arrow */ = {
			isa = PBXGroup;
			children = (
				84922CB219D237DA00AE9A7C /* Arrow.swift */,
				84922CCC19D237DA00AE9A7C /* Lift.swift */,
				84922CCE19D237DA00AE9A7C /* Lower.swift */,
			);
			name = Arrow;
			sourceTree = "<group>";
		};
		84922D8419D238DB00AE9A7C /* Monad */ = {
			isa = PBXGroup;
			children = (
				84922CD119D237DA00AE9A7C /* Monad.swift */,
				84922CD219D237DA00AE9A7C /* MonadFix.swift */,
				84922CD319D237DA00AE9A7C /* MonadZip.swift */,
			);
			name = Monad;
			sourceTree = "<group>";
		};
		84922D8619D2391300AE9A7C /* Map */ = {
			isa = PBXGroup;
			children = (
				84922CCF19D237DA00AE9A7C /* Map.swift */,
				84922CD619D237DA00AE9A7C /* Query.swift */,
				84922CDF19D237DA00AE9A7C /* Traverse.swift */,
			);
			name = Map;
			sourceTree = "<group>";
		};
		84922D8719D2392300AE9A7C /* System */ = {
			isa = PBXGroup;
			children = (
				84922CBF19D237DA00AE9A7C /* Error.swift */,
				84922CC019D237DA00AE9A7C /* Exception.swift */,
				84922CC119D237DA00AE9A7C /* Exit.swift */,
				84922CC819D237DA00AE9A7C /* IO.swift */,
				841FE02619DB7E390068636A /* Trace.swift */,
			);
			name = System;
			sourceTree = "<group>";
		};
		84922D8819D2394400AE9A7C /* Data */ = {
			isa = PBXGroup;
			children = (
				84922CB719D237DA00AE9A7C /* Bottom.swift */,
				84922CB819D237DA00AE9A7C /* Bounded.swift */,
				84922CB919D237DA00AE9A7C /* Box.swift */,
				842773791A5CDB6300CF1E67 /* Char.swift */,
				84D4D8E31A16E4E9001F5E4D /* Const.swift */,
				84922CBB19D237DA00AE9A7C /* Coerce.swift */,
				84922CBC19D237DA00AE9A7C /* Combinator.swift */,
				84922CBE19D237DA00AE9A7C /* Either.swift */,
				84922CC419D237DA00AE9A7C /* Function.swift */,
				84D4D8E21A16E38C001F5E4D /* Functor */,
				84922CC919D237DA00AE9A7C /* IORef.swift */,
				841FE03219DB7E440068636A /* List */,
				84922D8619D2391300AE9A7C /* Map */,
				84922CD019D237DA00AE9A7C /* Maybe.swift */,
				84095F0C1A28EAE000956141 /* Member.swift */,
				84F43F0019E1B3B40012CF95 /* Optional.swift */,
				84922CD419D237DA00AE9A7C /* Monoid.swift */,
				84922EB219D386BD00AE9A7C /* Result.swift */,
				84D77DF71A3BE57B000F5683 /* Pointed */,
				84922CD919D237DA00AE9A7C /* ST.swift */,
				84922CDA19D237DA00AE9A7C /* STRef.swift */,
				847E99E11A48C3DB00B5B8CE /* Stream.swift */,
				84922CE019D237DA00AE9A7C /* Tuple.swift */,
				84922CE119D237DA00AE9A7C /* Unique.swift */,
				8434F96A19E8BA00008D9909 /* Version.swift */,
			);
			name = Data;
			sourceTree = "<group>";
		};
		84D4D8E21A16E38C001F5E4D /* Functor */ = {
			isa = PBXGroup;
			children = (
				84D4D8DD1A16E366001F5E4D /* Contravariant.swift */,
				84922CC519D237DA00AE9A7C /* Functor.swift */,
			);
			name = Functor;
			sourceTree = "<group>";
		};
		84D4D8E91A16EBB3001F5E4D /* Comonad */ = {
			isa = PBXGroup;
			children = (
				84D4D8E71A16EBAF001F5E4D /* Comonad.swift */,
				84D4D8EC1A16EBC5001F5E4D /* ComonadFix.swift */,
				84D4D8EA1A16EBBE001F5E4D /* ComonadApply.swift */,
			);
			name = Comonad;
			sourceTree = "<group>";
		};
		84D77DF71A3BE57B000F5683 /* Pointed */ = {
			isa = PBXGroup;
			children = (
				84D4D8EE1A16EBDB001F5E4D /* Copointed.swift */,
				84D77DF51A3BE573000F5683 /* Pointed.swift */,
			);
			name = Pointed;
			sourceTree = "<group>";
		};
/* End PBXGroup section */

/* Begin PBXHeadersBuildPhase section */
		84922C8119D2375F00AE9A7C /* Headers */ = {
			isa = PBXHeadersBuildPhase;
			buildActionMask = 2147483647;
			files = (
				84922CE819D237DA00AE9A7C /* Basis.h in Headers */,
				84922CE519D237DA00AE9A7C /* BASERealWorld.h in Headers */,
			);
			runOnlyForDeploymentPostprocessing = 0;
		};
/* End PBXHeadersBuildPhase section */

/* Begin PBXNativeTarget section */
		84922C8319D2375F00AE9A7C /* Basis */ = {
			isa = PBXNativeTarget;
			buildConfigurationList = 84922C9719D2375F00AE9A7C /* Build configuration list for PBXNativeTarget "Basis" */;
			buildPhases = (
				84922C7F19D2375F00AE9A7C /* Sources */,
				84922C8019D2375F00AE9A7C /* Frameworks */,
				84922C8119D2375F00AE9A7C /* Headers */,
				84922C8219D2375F00AE9A7C /* Resources */,
			);
			buildRules = (
			);
			dependencies = (
			);
			name = Basis;
			productName = Basis;
			productReference = 84922C8419D2375F00AE9A7C /* Basis.framework */;
			productType = "com.apple.product-type.framework";
		};
		84922C8E19D2375F00AE9A7C /* BasisTests */ = {
			isa = PBXNativeTarget;
			buildConfigurationList = 84922C9A19D2375F00AE9A7C /* Build configuration list for PBXNativeTarget "BasisTests" */;
			buildPhases = (
				84922C8B19D2375F00AE9A7C /* Sources */,
				84922C8C19D2375F00AE9A7C /* Frameworks */,
				84922C8D19D2375F00AE9A7C /* Resources */,
				849AA3A31A09835600472F08 /* CopyFiles */,
			);
			buildRules = (
			);
			dependencies = (
			);
			name = BasisTests;
			productName = BasisTests;
			productReference = 84922C8F19D2375F00AE9A7C /* BasisTests.xctest */;
			productType = "com.apple.product-type.bundle.unit-test";
		};
/* End PBXNativeTarget section */

/* Begin PBXProject section */
		84922C7B19D2375F00AE9A7C /* Project object */ = {
			isa = PBXProject;
			attributes = {
				LastUpgradeCheck = 0600;
				ORGANIZATIONNAME = "Robert Widmann";
				TargetAttributes = {
					84922C8319D2375F00AE9A7C = {
						CreatedOnToolsVersion = 6.0.1;
					};
					84922C8E19D2375F00AE9A7C = {
						CreatedOnToolsVersion = 6.0.1;
					};
				};
			};
			buildConfigurationList = 84922C7E19D2375F00AE9A7C /* Build configuration list for PBXProject "Basis-iOS" */;
			compatibilityVersion = "Xcode 3.2";
			developmentRegion = English;
			hasScannedForEncodings = 0;
			knownRegions = (
				en,
			);
			mainGroup = 84922C7A19D2375F00AE9A7C;
			productRefGroup = 84922C8519D2375F00AE9A7C /* Products */;
			projectDirPath = "";
			projectRoot = "";
			targets = (
				84922C8319D2375F00AE9A7C /* Basis */,
				84922C8E19D2375F00AE9A7C /* BasisTests */,
			);
		};
/* End PBXProject section */

/* Begin PBXResourcesBuildPhase section */
		84922C8219D2375F00AE9A7C /* Resources */ = {
			isa = PBXResourcesBuildPhase;
			buildActionMask = 2147483647;
			files = (
			);
			runOnlyForDeploymentPostprocessing = 0;
		};
		84922C8D19D2375F00AE9A7C /* Resources */ = {
			isa = PBXResourcesBuildPhase;
			buildActionMask = 2147483647;
			files = (
			);
			runOnlyForDeploymentPostprocessing = 0;
		};
/* End PBXResourcesBuildPhase section */

/* Begin PBXSourcesBuildPhase section */
		84922C7F19D2375F00AE9A7C /* Sources */ = {
			isa = PBXSourcesBuildPhase;
			buildActionMask = 2147483647;
			files = (
				84D4D8DE1A16E366001F5E4D /* Contravariant.swift in Sources */,
				84D4D8EF1A16EBDB001F5E4D /* Copointed.swift in Sources */,
				84922D1119D237DA00AE9A7C /* Traverse.swift in Sources */,
				841FE02D19DB7E390068636A /* String.swift in Sources */,
				84922D0519D237DA00AE9A7C /* MonadZip.swift in Sources */,
				841FE02E19DB7E390068636A /* Sublists.swift in Sources */,
				841FE02B19DB7E390068636A /* Scans.swift in Sources */,
				84922CE919D237DA00AE9A7C /* Bottom.swift in Sources */,
				84922D0319D237DA00AE9A7C /* Monad.swift in Sources */,
				84896B491A475854006F3EA9 /* Trampoline.swift in Sources */,
				84922D1319D237DA00AE9A7C /* Unique.swift in Sources */,
				84922CFA19D237DA00AE9A7C /* IO.swift in Sources */,
				84922CEA19D237DA00AE9A7C /* Bounded.swift in Sources */,
				841FE04819DB7EE80068636A /* Compare.swift in Sources */,
				8434F96B19E8BA00008D9909 /* Version.swift in Sources */,
				84D4D8ED1A16EBC5001F5E4D /* ComonadFix.swift in Sources */,
				84922CF119D237DA00AE9A7C /* Error.swift in Sources */,
				84922CE319D237DA00AE9A7C /* Applicative.swift in Sources */,
				841FE02919DB7E390068636A /* Lazy.swift in Sources */,
				84922CEE19D237DA00AE9A7C /* Combinator.swift in Sources */,
				84922CEB19D237DA00AE9A7C /* Box.swift in Sources */,
				840D57841A631EF200EFFF53 /* Array.swift in Sources */,
				84922CF219D237DA00AE9A7C /* Exception.swift in Sources */,
				84922D0619D237DA00AE9A7C /* Monoid.swift in Sources */,
				84922CF019D237DA00AE9A7C /* Either.swift in Sources */,
				84922CFE19D237DA00AE9A7C /* Lift.swift in Sources */,
				841FE02A19DB7E390068636A /* List.swift in Sources */,
				84D4D8E41A16E4E9001F5E4D /* Const.swift in Sources */,
				84922D0719D237DA00AE9A7C /* Operators.swift in Sources */,
				8427737A1A5CDB6300CF1E67 /* Char.swift in Sources */,
				84D4D8EB1A16EBBE001F5E4D /* ComonadApply.swift in Sources */,
				84922D0B19D237DA00AE9A7C /* ST.swift in Sources */,
				841FE03119DB7E390068636A /* Zip.swift in Sources */,
				841FE04919DB7EE80068636A /* Folds.swift in Sources */,
				84922D0419D237DA00AE9A7C /* MonadFix.swift in Sources */,
				841FE02F19DB7E390068636A /* Trace.swift in Sources */,
				841FE03019DB7E390068636A /* Transformations.swift in Sources */,
				84922CF619D237DA00AE9A7C /* Function.swift in Sources */,
				84922D0119D237DA00AE9A7C /* Map.swift in Sources */,
				84D4D8E81A16EBAF001F5E4D /* Comonad.swift in Sources */,
				84922D1219D237DA00AE9A7C /* Tuple.swift in Sources */,
				84922CE619D237DA00AE9A7C /* BASERealWorld.m in Sources */,
				84922CFC19D237DA00AE9A7C /* Kinds.swift in Sources */,
				84922CF319D237DA00AE9A7C /* Exit.swift in Sources */,
				847E99E21A48C3DB00B5B8CE /* Stream.swift in Sources */,
				84922EB319D386BD00AE9A7C /* Result.swift in Sources */,
				84922CE419D237DA00AE9A7C /* Arrow.swift in Sources */,
				84922D0C19D237DA00AE9A7C /* STRef.swift in Sources */,
				84922CF719D237DA00AE9A7C /* Functor.swift in Sources */,
				84095F0D1A28EAE000956141 /* Member.swift in Sources */,
				8415CED719E4B4560037742B /* Coerce.swift in Sources */,
				84922D0219D237DA00AE9A7C /* Maybe.swift in Sources */,
				84D77DF61A3BE573000F5683 /* Pointed.swift in Sources */,
				84922CFB19D237DA00AE9A7C /* IORef.swift in Sources */,
				84922CEC19D237DA00AE9A7C /* Category.swift in Sources */,
				841FE02C19DB7E390068636A /* Search.swift in Sources */,
				84922D0819D237DA00AE9A7C /* Query.swift in Sources */,
				84922D0019D237DA00AE9A7C /* Lower.swift in Sources */,
				84F43F0119E1B3B40012CF95 /* Optional.swift in Sources */,
			);
			runOnlyForDeploymentPostprocessing = 0;
		};
		84922C8B19D2375F00AE9A7C /* Sources */ = {
			isa = PBXSourcesBuildPhase;
			buildActionMask = 2147483647;
			files = (
				84D77DFB1A3CF9FA000F5683 /* ListSpec.swift in Sources */,
				84896B471A475849006F3EA9 /* TrampolineSpec.swift in Sources */,
				84922CB019D237B900AE9A7C /* UniqueSpec.swift in Sources */,
				84922CA819D237B900AE9A7C /* ArrowSpec.swift in Sources */,
				8441AAAA1A0C51C4008D5701 /* LazySpec.swift in Sources */,
				84922CAC19D237B900AE9A7C /* MaybeSpec.swift in Sources */,
				84922CAE19D237B900AE9A7C /* StringSpec.swift in Sources */,
				84A802E219D3BD5000E71F93 /* MonoidSpec.swift in Sources */,
				84922CA719D237B900AE9A7C /* EitherSpec.swift in Sources */,
				8427737E1A5CDB7500CF1E67 /* CharSpec.swift in Sources */,
				84922CAA19D237B900AE9A7C /* InfinitySpec.swift in Sources */,
				84F9063019D639980035D429 /* CompareSpec.swift in Sources */,
				84922CAD19D237B900AE9A7C /* OperatorsSpec.swift in Sources */,
				847E99E01A48B39600B5B8CE /* FoldsSpec.swift in Sources */,
				84F9071519D64DE10035D429 /* ScansSpec.swift in Sources */,
				84922CA919D237B900AE9A7C /* FunctionsSpec.swift in Sources */,
				84095F111A28EAF400956141 /* MemberSpec.swift in Sources */,
				84922CAF19D237B900AE9A7C /* TupleSpec.swift in Sources */,
				8434F96F19E8BDF5008D9909 /* VersionSpec.swift in Sources */,
			);
			runOnlyForDeploymentPostprocessing = 0;
		};
/* End PBXSourcesBuildPhase section */

/* Begin XCBuildConfiguration section */
		84922C9519D2375F00AE9A7C /* Debug */ = {
			isa = XCBuildConfiguration;
			buildSettings = {
				ALWAYS_SEARCH_USER_PATHS = NO;
				CLANG_CXX_LANGUAGE_STANDARD = "gnu++0x";
				CLANG_CXX_LIBRARY = "libc++";
				CLANG_ENABLE_MODULES = YES;
				CLANG_ENABLE_OBJC_ARC = YES;
				CLANG_WARN_BOOL_CONVERSION = YES;
				CLANG_WARN_CONSTANT_CONVERSION = YES;
				CLANG_WARN_DIRECT_OBJC_ISA_USAGE = YES_ERROR;
				CLANG_WARN_EMPTY_BODY = YES;
				CLANG_WARN_ENUM_CONVERSION = YES;
				CLANG_WARN_INT_CONVERSION = YES;
				CLANG_WARN_OBJC_ROOT_CLASS = YES_ERROR;
				CLANG_WARN_UNREACHABLE_CODE = YES;
				CLANG_WARN__DUPLICATE_METHOD_MATCH = YES;
				"CODE_SIGN_IDENTITY[sdk=iphoneos*]" = "iPhone Developer";
				COPY_PHASE_STRIP = NO;
				CURRENT_PROJECT_VERSION = 1;
				ENABLE_STRICT_OBJC_MSGSEND = YES;
				GCC_C_LANGUAGE_STANDARD = gnu99;
				GCC_DYNAMIC_NO_PIC = NO;
				GCC_OPTIMIZATION_LEVEL = 0;
				GCC_PREPROCESSOR_DEFINITIONS = (
					"DEBUG=1",
					"$(inherited)",
				);
				GCC_SYMBOLS_PRIVATE_EXTERN = NO;
				GCC_WARN_64_TO_32_BIT_CONVERSION = YES;
				GCC_WARN_ABOUT_RETURN_TYPE = YES_ERROR;
				GCC_WARN_UNDECLARED_SELECTOR = YES;
				GCC_WARN_UNINITIALIZED_AUTOS = YES_AGGRESSIVE;
				GCC_WARN_UNUSED_FUNCTION = YES;
				GCC_WARN_UNUSED_VARIABLE = YES;
				IPHONEOS_DEPLOYMENT_TARGET = 8.0;
				MTL_ENABLE_DEBUG_INFO = YES;
				ONLY_ACTIVE_ARCH = YES;
				SDKROOT = iphoneos;
				SWIFT_OPTIMIZATION_LEVEL = "-Onone";
				TARGETED_DEVICE_FAMILY = "1,2";
				VERSIONING_SYSTEM = "apple-generic";
				VERSION_INFO_PREFIX = "";
			};
			name = Debug;
		};
		84922C9619D2375F00AE9A7C /* Release */ = {
			isa = XCBuildConfiguration;
			buildSettings = {
				ALWAYS_SEARCH_USER_PATHS = NO;
				CLANG_CXX_LANGUAGE_STANDARD = "gnu++0x";
				CLANG_CXX_LIBRARY = "libc++";
				CLANG_ENABLE_MODULES = YES;
				CLANG_ENABLE_OBJC_ARC = YES;
				CLANG_WARN_BOOL_CONVERSION = YES;
				CLANG_WARN_CONSTANT_CONVERSION = YES;
				CLANG_WARN_DIRECT_OBJC_ISA_USAGE = YES_ERROR;
				CLANG_WARN_EMPTY_BODY = YES;
				CLANG_WARN_ENUM_CONVERSION = YES;
				CLANG_WARN_INT_CONVERSION = YES;
				CLANG_WARN_OBJC_ROOT_CLASS = YES_ERROR;
				CLANG_WARN_UNREACHABLE_CODE = YES;
				CLANG_WARN__DUPLICATE_METHOD_MATCH = YES;
				"CODE_SIGN_IDENTITY[sdk=iphoneos*]" = "iPhone Developer";
				COPY_PHASE_STRIP = YES;
				CURRENT_PROJECT_VERSION = 1;
				ENABLE_NS_ASSERTIONS = NO;
				ENABLE_STRICT_OBJC_MSGSEND = YES;
				GCC_C_LANGUAGE_STANDARD = gnu99;
				GCC_WARN_64_TO_32_BIT_CONVERSION = YES;
				GCC_WARN_ABOUT_RETURN_TYPE = YES_ERROR;
				GCC_WARN_UNDECLARED_SELECTOR = YES;
				GCC_WARN_UNINITIALIZED_AUTOS = YES_AGGRESSIVE;
				GCC_WARN_UNUSED_FUNCTION = YES;
				GCC_WARN_UNUSED_VARIABLE = YES;
				IPHONEOS_DEPLOYMENT_TARGET = 8.0;
				MTL_ENABLE_DEBUG_INFO = NO;
				SDKROOT = iphoneos;
				TARGETED_DEVICE_FAMILY = "1,2";
				VALIDATE_PRODUCT = YES;
				VERSIONING_SYSTEM = "apple-generic";
				VERSION_INFO_PREFIX = "";
			};
			name = Release;
		};
		84922C9819D2375F00AE9A7C /* Debug */ = {
			isa = XCBuildConfiguration;
			buildSettings = {
				CLANG_ENABLE_MODULES = YES;
				DEFINES_MODULE = YES;
				DYLIB_COMPATIBILITY_VERSION = 1;
				DYLIB_CURRENT_VERSION = 1;
				DYLIB_INSTALL_NAME_BASE = "@rpath";
				INFOPLIST_FILE = Basis/Info.plist;
				INSTALL_PATH = "$(LOCAL_LIBRARY_DIR)/Frameworks";
				LD_RUNPATH_SEARCH_PATHS = "$(inherited) @executable_path/Frameworks @loader_path/Frameworks";
				PRODUCT_NAME = "$(TARGET_NAME)";
				SKIP_INSTALL = YES;
				SWIFT_INSTALL_OBJC_HEADER = NO;
				SWIFT_OBJC_BRIDGING_HEADER = "";
				SWIFT_OPTIMIZATION_LEVEL = "-Onone";
			};
			name = Debug;
		};
		84922C9919D2375F00AE9A7C /* Release */ = {
			isa = XCBuildConfiguration;
			buildSettings = {
				CLANG_ENABLE_MODULES = YES;
				DEFINES_MODULE = YES;
				DYLIB_COMPATIBILITY_VERSION = 1;
				DYLIB_CURRENT_VERSION = 1;
				DYLIB_INSTALL_NAME_BASE = "@rpath";
				INFOPLIST_FILE = Basis/Info.plist;
				INSTALL_PATH = "$(LOCAL_LIBRARY_DIR)/Frameworks";
				LD_RUNPATH_SEARCH_PATHS = "$(inherited) @executable_path/Frameworks @loader_path/Frameworks";
				PRODUCT_NAME = "$(TARGET_NAME)";
				SKIP_INSTALL = YES;
				SWIFT_INSTALL_OBJC_HEADER = NO;
				SWIFT_OBJC_BRIDGING_HEADER = "";
			};
			name = Release;
		};
		84922C9B19D2375F00AE9A7C /* Debug */ = {
			isa = XCBuildConfiguration;
			buildSettings = {
				CLANG_ENABLE_MODULES = YES;
				FRAMEWORK_SEARCH_PATHS = (
					"$(SDKROOT)/Developer/Library/Frameworks",
					"$(inherited)",
				);
				GCC_PREPROCESSOR_DEFINITIONS = (
					"DEBUG=1",
					"$(inherited)",
				);
				INFOPLIST_FILE = BasisTests/Info.plist;
				LD_RUNPATH_SEARCH_PATHS = "$(inherited) @executable_path/Frameworks @loader_path/Frameworks";
				PRODUCT_NAME = "$(TARGET_NAME)";
				SWIFT_OPTIMIZATION_LEVEL = "-Onone";
			};
			name = Debug;
		};
		84922C9C19D2375F00AE9A7C /* Release */ = {
			isa = XCBuildConfiguration;
			buildSettings = {
				CLANG_ENABLE_MODULES = YES;
				FRAMEWORK_SEARCH_PATHS = (
					"$(SDKROOT)/Developer/Library/Frameworks",
					"$(inherited)",
				);
				INFOPLIST_FILE = BasisTests/Info.plist;
				LD_RUNPATH_SEARCH_PATHS = "$(inherited) @executable_path/Frameworks @loader_path/Frameworks";
				PRODUCT_NAME = "$(TARGET_NAME)";
			};
			name = Release;
		};
/* End XCBuildConfiguration section */

/* Begin XCConfigurationList section */
		84922C7E19D2375F00AE9A7C /* Build configuration list for PBXProject "Basis-iOS" */ = {
			isa = XCConfigurationList;
			buildConfigurations = (
				84922C9519D2375F00AE9A7C /* Debug */,
				84922C9619D2375F00AE9A7C /* Release */,
			);
			defaultConfigurationIsVisible = 0;
			defaultConfigurationName = Release;
		};
		84922C9719D2375F00AE9A7C /* Build configuration list for PBXNativeTarget "Basis" */ = {
			isa = XCConfigurationList;
			buildConfigurations = (
				84922C9819D2375F00AE9A7C /* Debug */,
				84922C9919D2375F00AE9A7C /* Release */,
			);
			defaultConfigurationIsVisible = 0;
			defaultConfigurationName = Release;
		};
		84922C9A19D2375F00AE9A7C /* Build configuration list for PBXNativeTarget "BasisTests" */ = {
			isa = XCConfigurationList;
			buildConfigurations = (
				84922C9B19D2375F00AE9A7C /* Debug */,
				84922C9C19D2375F00AE9A7C /* Release */,
			);
			defaultConfigurationIsVisible = 0;
			defaultConfigurationName = Release;
		};
/* End XCConfigurationList section */
	};
	rootObject = 84922C7B19D2375F00AE9A7C /* Project object */;
}
